{
  "version": 4,
  "terraform_version": "1.5.7",
  "serial": 335,
  "lineage": "c03bc1fa-afa1-06a1-b6cb-8ec18ebced4b",
  "outputs": {
    "alb_dns": {
      "value": "trading-platform-alb-1363873398.eu-west-3.elb.amazonaws.com",
      "type": "string"
    },
    "cloudfront_domain": {
      "value": "d3fuf6uze8k9xy.cloudfront.net",
      "type": "string"
    },
    "cloudwatch_log_group": {
      "value": "/aws/application/trading-platform",
      "type": "string"
    },
    "cloudwatch_worker_log_group": {
      "value": "/aws/worker/trading-platform-monte-carlo",
      "type": "string"
    },
    "cognito_domain": {
      "value": "trading-platform-staging-mek4tzqx",
      "type": "string"
    },
    "cognito_hosted_ui_url": {
      "value": "https://trading-platform-staging-mek4tzqx.auth.eu-west-3.amazoncognito.com",
      "type": "string"
    },
    "cognito_identity_pool_id": {
      "value": "eu-west-3:cd70617e-bd7c-45ba-8196-e7818bda3b14",
      "type": "string"
    },
    "cognito_user_pool_client_id": {
      "value": "hcl2tpol6rk94cu1u0cg9o4f4",
      "type": "string"
    },
    "cognito_user_pool_id": {
      "value": "eu-west-3_pb05WIUdA",
      "type": "string"
    },
    "ecr_repo_url": {
      "value": "491085385866.dkr.ecr.eu-west-3.amazonaws.com/trading-platform_backend",
      "type": "string"
    },
    "ecs_cluster_name": {
      "value": "trading-platform-cluster",
      "type": "string"
    },
    "ecs_service_name": {
      "value": "trading-platform-backend-svc",
      "type": "string"
    },
    "iam_task_role_arn": {
      "value": "arn:aws:iam::491085385866:role/trading-platform-ecs-task-role",
      "type": "string"
    },
    "s3_artifacts_bucket": {
      "value": "trading-platform-monte-carlo-artifacts-mek4tzqx",
      "type": "string"
    },
    "s3_bucket": {
      "value": "trading-platform-frontend-491085385866",
      "type": "string"
    },
    "s3_bucket_arn": {
      "value": "arn:aws:s3:::trading-platform-monte-carlo-artifacts-mek4tzqx",
      "type": "string"
    },
    "sqs_dlq_url": {
      "value": "https://sqs.eu-west-3.amazonaws.com/491085385866/trading-platform-monte-carlo-jobs-dlq",
      "type": "string"
    },
    "sqs_queue_url": {
      "value": "https://sqs.eu-west-3.amazonaws.com/491085385866/trading-platform-monte-carlo-jobs",
      "type": "string"
    }
  },
  "resources": [
    {
      "mode": "data",
      "type": "aws_availability_zones",
      "name": "azs",
      "provider": "provider[\"registry.terraform.io/hashicorp/aws\"]",
      "instances": [
        {
          "schema_version": 0,
          "attributes": {
            "all_availability_zones": null,
            "exclude_names": null,
            "exclude_zone_ids": null,
            "filter": null,
            "group_names": [
              "eu-west-3-zg-1"
            ],
            "id": "eu-west-3",
            "names": [
              "eu-west-3a",
              "eu-west-3b",
              "eu-west-3c"
            ],
            "state": "available",
            "timeouts": null,
            "zone_ids": [
              "euw3-az1",
              "euw3-az2",
              "euw3-az3"
            ]
          },
          "sensitive_attributes": []
        }
      ]
    },
    {
      "mode": "data",
      "type": "aws_caller_identity",
      "name": "current",
      "provider": "provider[\"registry.terraform.io/hashicorp/aws\"]",
      "instances": [
        {
          "schema_version": 0,
          "attributes": {
            "account_id": "491085385866",
            "arn": "arn:aws:iam::491085385866:user/terraform-user",
            "id": "491085385866",
            "user_id": "AIDAXEVXYKCFE5YAPJNGV"
          },
          "sensitive_attributes": []
        }
      ]
    },
    {
      "mode": "data",
      "type": "aws_iam_policy_document",
      "name": "ecs_task_assume_role",
      "provider": "provider[\"registry.terraform.io/hashicorp/aws\"]",
      "instances": [
        {
          "schema_version": 0,
          "attributes": {
            "id": "1077804475",
            "json": "{\n  \"Version\": \"2012-10-17\",\n  \"Statement\": [\n    {\n      \"Effect\": \"Allow\",\n      \"Action\": \"sts:AssumeRole\",\n      \"Principal\": {\n        \"Service\": \"ecs-tasks.amazonaws.com\"\n      }\n    }\n  ]\n}",
            "minified_json": "{\"Version\":\"2012-10-17\",\"Statement\":[{\"Effect\":\"Allow\",\"Action\":\"sts:AssumeRole\",\"Principal\":{\"Service\":\"ecs-tasks.amazonaws.com\"}}]}",
            "override_json": null,
            "override_policy_documents": null,
            "policy_id": null,
            "source_json": null,
            "source_policy_documents": null,
            "statement": [
              {
                "actions": [
                  "sts:AssumeRole"
                ],
                "condition": [],
                "effect": "Allow",
                "not_actions": [],
                "not_principals": [],
                "not_resources": [],
                "principals": [
                  {
                    "identifiers": [
                      "ecs-tasks.amazonaws.com"
                    ],
                    "type": "Service"
                  }
                ],
                "resources": [],
                "sid": ""
              }
            ],
            "version": "2012-10-17"
          },
          "sensitive_attributes": []
        }
      ]
    },
    {
      "mode": "data",
      "type": "aws_region",
      "name": "current",
      "provider": "provider[\"registry.terraform.io/hashicorp/aws\"]",
      "instances": [
        {
          "schema_version": 0,
          "attributes": {
            "description": "Europe (Paris)",
            "endpoint": "ec2.eu-west-3.amazonaws.com",
            "id": "eu-west-3",
            "name": "eu-west-3"
          },
          "sensitive_attributes": []
        }
      ]
    },
    {
      "mode": "data",
      "type": "aws_route53_zone",
      "name": "hptp",
      "provider": "provider[\"registry.terraform.io/hashicorp/aws\"]",
      "instances": [
        {
          "schema_version": 0,
          "attributes": {
            "arn": "arn:aws:route53:::hostedzone/Z0808313OK4X071W33N4",
            "caller_reference": "22f8c537-84bd-4a1c-99bc-99bfae62f5de",
            "comment": "High Performance Trading Platform",
            "id": "Z0808313OK4X071W33N4",
            "linked_service_description": null,
            "linked_service_principal": null,
            "name": "hptp.quentinpiot.com",
            "name_servers": [
              "ns-664.awsdns-19.net",
              "ns-301.awsdns-37.com",
              "ns-1430.awsdns-50.org",
              "ns-1842.awsdns-38.co.uk"
            ],
            "primary_name_server": "ns-664.awsdns-19.net",
            "private_zone": false,
            "resource_record_set_count": 3,
            "tags": {},
            "vpc_id": null,
            "zone_id": "Z0808313OK4X071W33N4"
          },
          "sensitive_attributes": []
        }
      ]
    },
    {
      "mode": "managed",
      "type": "aws_cloudfront_distribution",
      "name": "frontend",
      "provider": "provider[\"registry.terraform.io/hashicorp/aws\"]",
      "instances": [
        {
          "schema_version": 1,
          "attributes": {
            "aliases": [
              "hptp.quentinpiot.com"
            ],
            "arn": "arn:aws:cloudfront::491085385866:distribution/E2NC88FK3S24J0",
            "caller_reference": "terraform-20251011143525265600000007",
            "comment": null,
            "continuous_deployment_policy_id": "",
            "custom_error_response": [
              {
                "error_caching_min_ttl": 0,
                "error_code": 403,
                "response_code": 200,
                "response_page_path": "/index.html"
              },
              {
                "error_caching_min_ttl": 0,
                "error_code": 404,
                "response_code": 200,
                "response_page_path": "/index.html"
              }
            ],
            "default_cache_behavior": [
              {
                "allowed_methods": [
                  "GET",
                  "HEAD",
                  "OPTIONS"
                ],
                "cache_policy_id": "",
                "cached_methods": [
                  "GET",
                  "HEAD"
                ],
                "compress": false,
                "default_ttl": 3600,
                "field_level_encryption_id": "",
                "forwarded_values": [
                  {
                    "cookies": [
                      {
                        "forward": "none",
                        "whitelisted_names": []
                      }
                    ],
                    "headers": [],
                    "query_string": true,
                    "query_string_cache_keys": []
                  }
                ],
                "function_association": [],
                "grpc_config": [
                  {
                    "enabled": false
                  }
                ],
                "lambda_function_association": [],
                "max_ttl": 86400,
                "min_ttl": 0,
                "origin_request_policy_id": "",
                "realtime_log_config_arn": "",
                "response_headers_policy_id": "",
                "smooth_streaming": false,
                "target_origin_id": "S3-trading-platform-frontend-491085385866",
                "trusted_key_groups": [],
                "trusted_signers": [],
                "viewer_protocol_policy": "redirect-to-https"
              }
            ],
            "default_root_object": "index.html",
            "domain_name": "d3fuf6uze8k9xy.cloudfront.net",
            "enabled": true,
            "etag": "ETQMW16MML5MR",
            "hosted_zone_id": "Z2FDTNDATAQYW2",
            "http_version": "http2",
            "id": "E2NC88FK3S24J0",
            "in_progress_validation_batches": 0,
            "is_ipv6_enabled": false,
            "last_modified_time": "2025-10-22 12:01:49.792 +0000 UTC",
            "logging_config": [],
            "ordered_cache_behavior": [
              {
                "allowed_methods": [
                  "DELETE",
                  "GET",
                  "HEAD",
                  "OPTIONS",
                  "PATCH",
                  "POST",
                  "PUT"
                ],
                "cache_policy_id": "",
                "cached_methods": [
                  "GET",
                  "HEAD"
                ],
                "compress": true,
                "default_ttl": 0,
                "field_level_encryption_id": "",
                "forwarded_values": [
                  {
                    "cookies": [
                      {
                        "forward": "all",
                        "whitelisted_names": []
                      }
                    ],
                    "headers": [
                      "Authorization",
                      "Content-Type",
                      "Origin"
                    ],
                    "query_string": true,
                    "query_string_cache_keys": []
                  }
                ],
                "function_association": [],
                "grpc_config": [
                  {
                    "enabled": false
                  }
                ],
                "lambda_function_association": [],
                "max_ttl": 0,
                "min_ttl": 0,
                "origin_request_policy_id": "",
                "path_pattern": "/api/*",
                "realtime_log_config_arn": "",
                "response_headers_policy_id": "",
                "smooth_streaming": false,
                "target_origin_id": "API-Backend",
                "trusted_key_groups": [],
                "trusted_signers": [],
                "viewer_protocol_policy": "redirect-to-https"
              }
            ],
            "origin": [
              {
                "connection_attempts": 3,
                "connection_timeout": 10,
                "custom_header": [],
                "custom_origin_config": [
                  {
                    "http_port": 80,
                    "https_port": 443,
                    "origin_keepalive_timeout": 5,
                    "origin_protocol_policy": "http-only",
                    "origin_read_timeout": 30,
                    "origin_ssl_protocols": [
                      "TLSv1.2"
                    ]
                  }
                ],
                "domain_name": "trading-platform-alb-1363873398.eu-west-3.elb.amazonaws.com",
                "origin_access_control_id": "",
                "origin_id": "API-Backend",
                "origin_path": "",
                "origin_shield": [],
                "s3_origin_config": [],
                "vpc_origin_config": []
              },
              {
                "connection_attempts": 3,
                "connection_timeout": 10,
                "custom_header": [],
                "custom_origin_config": [],
                "domain_name": "trading-platform-frontend-491085385866.s3.eu-west-3.amazonaws.com",
                "origin_access_control_id": "",
                "origin_id": "S3-trading-platform-frontend-491085385866",
                "origin_path": "",
                "origin_shield": [],
                "s3_origin_config": [
                  {
                    "origin_access_identity": "origin-access-identity/cloudfront/E3DE32QWHXNYG2"
                  }
                ],
                "vpc_origin_config": []
              }
            ],
            "origin_group": [],
            "price_class": "PriceClass_100",
            "restrictions": [
              {
                "geo_restriction": [
                  {
                    "locations": [],
                    "restriction_type": "none"
                  }
                ]
              }
            ],
            "retain_on_delete": false,
            "staging": false,
            "status": "Deployed",
            "tags": {
              "Name": "trading-platform-cf"
            },
            "tags_all": {
              "Name": "trading-platform-cf"
            },
            "trusted_key_groups": [
              {
                "enabled": false,
                "items": []
              }
            ],
            "trusted_signers": [
              {
                "enabled": false,
                "items": []
              }
            ],
            "viewer_certificate": [
              {
                "acm_certificate_arn": "arn:aws:acm:us-east-1:491085385866:certificate/4b60ee65-51a9-447b-8fa7-af496eafedf1",
                "cloudfront_default_certificate": false,
                "iam_certificate_id": "",
                "minimum_protocol_version": "TLSv1.2_2021",
                "ssl_support_method": "sni-only"
              }
            ],
            "wait_for_deployment": true,
            "web_acl_id": ""
          },
          "sensitive_attributes": [],
          "private": "eyJzY2hlbWFfdmVyc2lvbiI6IjEifQ=="
        }
      ]
    },
    {
      "mode": "managed",
      "type": "aws_cloudfront_origin_access_identity",
      "name": "oai",
      "provider": "provider[\"registry.terraform.io/hashicorp/aws\"]",
      "instances": [
        {
          "schema_version": 0,
          "attributes": {
            "arn": "arn:aws:cloudfront::491085385866:origin-access-identity/E3DE32QWHXNYG2",
            "caller_reference": "terraform-20251011143205929000000005",
            "cloudfront_access_identity_path": "origin-access-identity/cloudfront/E3DE32QWHXNYG2",
            "comment": "OAI for trading-platform-frontend-491085385866",
            "etag": "E3UN6WX5RRO2AG",
            "iam_arn": "arn:aws:iam::cloudfront:user/CloudFront Origin Access Identity E3DE32QWHXNYG2",
            "id": "E3DE32QWHXNYG2",
            "s3_canonical_user_id": "8cbd9f2dfdd45a992e5e02b4505b985d8a2287b7962101bf427b377c3babf4d894ee66623111451277c2c8f25590a042"
          },
          "sensitive_attributes": [],
          "private": "bnVsbA==",
          "dependencies": [
            "aws_s3_bucket.frontend_bucket",
            "data.aws_caller_identity.current"
          ]
        }
      ]
    },
    {
      "mode": "managed",
      "type": "aws_cloudwatch_log_group",
      "name": "application",
      "provider": "provider[\"registry.terraform.io/hashicorp/aws\"]",
      "instances": [
        {
          "schema_version": 0,
          "attributes": {
            "arn": "arn:aws:logs:eu-west-3:491085385866:log-group:/aws/application/trading-platform",
            "id": "/aws/application/trading-platform",
            "kms_key_id": "",
            "log_group_class": "STANDARD",
            "name": "/aws/application/trading-platform",
            "name_prefix": "",
            "retention_in_days": 30,
            "skip_destroy": false,
            "tags": {
              "Name": "trading-platform-app-logs"
            },
            "tags_all": {
              "Name": "trading-platform-app-logs"
            }
          },
          "sensitive_attributes": [],
          "private": "bnVsbA=="
        }
      ]
    },
    {
      "mode": "managed",
      "type": "aws_cloudwatch_log_group",
      "name": "ecs",
      "provider": "provider[\"registry.terraform.io/hashicorp/aws\"]",
      "instances": [
        {
          "schema_version": 0,
          "attributes": {
            "arn": "arn:aws:logs:eu-west-3:491085385866:log-group:/ecs/trading-platform",
            "id": "/ecs/trading-platform",
            "kms_key_id": "",
            "log_group_class": "STANDARD",
            "name": "/ecs/trading-platform",
            "name_prefix": "",
            "retention_in_days": 14,
            "skip_destroy": false,
            "tags": {
              "Name": "trading-platform-ecs-logs"
            },
            "tags_all": {
              "Name": "trading-platform-ecs-logs"
            }
          },
          "sensitive_attributes": [],
          "private": "bnVsbA=="
        }
      ]
    },
    {
      "mode": "managed",
      "type": "aws_cloudwatch_log_group",
      "name": "monte_carlo_worker",
      "provider": "provider[\"registry.terraform.io/hashicorp/aws\"]",
      "instances": [
        {
          "schema_version": 0,
          "attributes": {
            "arn": "arn:aws:logs:eu-west-3:491085385866:log-group:/aws/worker/trading-platform-monte-carlo",
            "id": "/aws/worker/trading-platform-monte-carlo",
            "kms_key_id": "",
            "log_group_class": "STANDARD",
            "name": "/aws/worker/trading-platform-monte-carlo",
            "name_prefix": "",
            "retention_in_days": 30,
            "skip_destroy": false,
            "tags": {
              "Name": "trading-platform-worker-logs"
            },
            "tags_all": {
              "Name": "trading-platform-worker-logs"
            }
          },
          "sensitive_attributes": [],
          "private": "bnVsbA=="
        }
      ]
    },
    {
      "mode": "managed",
      "type": "aws_cognito_identity_pool",
      "name": "main",
      "provider": "provider[\"registry.terraform.io/hashicorp/aws\"]",
      "instances": [
        {
          "schema_version": 0,
          "attributes": {
            "allow_classic_flow": false,
            "allow_unauthenticated_identities": false,
            "arn": "arn:aws:cognito-identity:eu-west-3:491085385866:identitypool/eu-west-3:cd70617e-bd7c-45ba-8196-e7818bda3b14",
            "cognito_identity_providers": [
              {
                "client_id": "hcl2tpol6rk94cu1u0cg9o4f4",
                "provider_name": "cognito-idp.eu-west-3.amazonaws.com/eu-west-3_pb05WIUdA",
                "server_side_token_check": false
              }
            ],
            "developer_provider_name": "",
            "id": "eu-west-3:cd70617e-bd7c-45ba-8196-e7818bda3b14",
            "identity_pool_name": "trading-platform-staging-identity-pool",
            "openid_connect_provider_arns": [],
            "saml_provider_arns": [],
            "supported_login_providers": {
              "accounts.google.com": "1049425769609-hh56557qhov7llqn5hip5l64c201vh5u.apps.googleusercontent.com"
            },
            "tags": {
              "Environment": "staging",
              "ManagedBy": "terraform",
              "Name": "trading-platform-identity-pool",
              "Project": "trading-platform"
            },
            "tags_all": {
              "Environment": "staging",
              "ManagedBy": "terraform",
              "Name": "trading-platform-identity-pool",
              "Project": "trading-platform"
            }
          },
          "sensitive_attributes": [
            [
              {
                "type": "get_attr",
                "value": "supported_login_providers"
              },
              {
                "type": "index",
                "value": {
                  "value": "accounts.google.com",
                  "type": "string"
                }
              }
            ]
          ],
          "private": "bnVsbA==",
          "dependencies": [
            "aws_cognito_user_pool.main",
            "aws_cognito_user_pool_client.web_client"
          ]
        }
      ]
    },
    {
      "mode": "managed",
      "type": "aws_cognito_identity_pool_roles_attachment",
      "name": "main",
      "provider": "provider[\"registry.terraform.io/hashicorp/aws\"]",
      "instances": [
        {
          "schema_version": 0,
          "attributes": {
            "id": "eu-west-3:cd70617e-bd7c-45ba-8196-e7818bda3b14",
            "identity_pool_id": "eu-west-3:cd70617e-bd7c-45ba-8196-e7818bda3b14",
            "role_mapping": [],
            "roles": {
              "authenticated": "arn:aws:iam::491085385866:role/trading-platform-staging-cognito-authenticated"
            }
          },
          "sensitive_attributes": [],
          "private": "bnVsbA==",
          "dependencies": [
            "aws_cognito_identity_pool.main",
            "aws_cognito_user_pool.main",
            "aws_cognito_user_pool_client.web_client",
            "aws_iam_role.authenticated"
          ]
        }
      ]
    },
    {
      "mode": "managed",
      "type": "aws_cognito_identity_provider",
      "name": "google",
      "provider": "provider[\"registry.terraform.io/hashicorp/aws\"]",
      "instances": [
        {
          "index_key": 0,
          "schema_version": 0,
          "attributes": {
            "attribute_mapping": {
              "email": "email",
              "name": "name",
              "username": "sub"
            },
            "id": "eu-west-3_pb05WIUdA:Google",
            "idp_identifiers": [],
            "provider_details": {
              "attributes_url": "https://people.googleapis.com/v1/people/me?personFields=",
              "attributes_url_add_attributes": "true",
              "authorize_scopes": "email openid profile",
              "authorize_url": "https://accounts.google.com/o/oauth2/v2/auth",
              "client_id": "1049425769609-hh56557qhov7llqn5hip5l64c201vh5u.apps.googleusercontent.com",
              "client_secret": "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",
              "oidc_issuer": "https://accounts.google.com",
              "token_request_method": "POST",
              "token_url": "https://www.googleapis.com/oauth2/v4/token"
            },
            "provider_name": "Google",
            "provider_type": "Google",
            "user_pool_id": "eu-west-3_pb05WIUdA"
          },
          "sensitive_attributes": [
            [
              {
                "type": "get_attr",
                "value": "provider_details"
              },
              {
                "type": "index",
                "value": {
                  "value": "client_id",
                  "type": "string"
                }
              }
            ],
            [
              {
                "type": "get_attr",
                "value": "provider_details"
              },
              {
                "type": "index",
                "value": {
                  "value": "client_secret",
                  "type": "string"
                }
              }
            ]
          ],
          "private": "bnVsbA==",
          "dependencies": [
            "aws_cognito_user_pool.main"
          ]
        }
      ]
    },
    {
      "mode": "managed",
      "type": "aws_cognito_user_pool",
      "name": "main",
      "provider": "provider[\"registry.terraform.io/hashicorp/aws\"]",
      "instances": [
        {
          "schema_version": 0,
          "attributes": {
            "account_recovery_setting": [
              {
                "recovery_mechanism": [
                  {
                    "name": "verified_email",
                    "priority": 1
                  }
                ]
              }
            ],
            "admin_create_user_config": [
              {
                "allow_admin_create_user_only": false,
                "invite_message_template": []
              }
            ],
            "alias_attributes": [
              "email"
            ],
            "arn": "arn:aws:cognito-idp:eu-west-3:491085385866:userpool/eu-west-3_pb05WIUdA",
            "auto_verified_attributes": [
              "email"
            ],
            "creation_date": "2025-10-21T12:32:03Z",
            "custom_domain": "",
            "deletion_protection": "INACTIVE",
            "device_configuration": [],
            "domain": "trading-platform-staging-mek4tzqx",
            "email_configuration": [
              {
                "configuration_set": "",
                "email_sending_account": "COGNITO_DEFAULT",
                "from_email_address": "",
                "reply_to_email_address": "",
                "source_arn": ""
              }
            ],
            "email_mfa_configuration": [],
            "email_verification_message": "",
            "email_verification_subject": "",
            "endpoint": "cognito-idp.eu-west-3.amazonaws.com/eu-west-3_pb05WIUdA",
            "estimated_number_of_users": 5,
            "id": "eu-west-3_pb05WIUdA",
            "lambda_config": [],
            "last_modified_date": "2025-10-21T12:32:03Z",
            "mfa_configuration": "OFF",
            "name": "trading-platform-staging-user-pool",
            "password_policy": [
              {
                "minimum_length": 8,
                "password_history_size": 0,
                "require_lowercase": true,
                "require_numbers": true,
                "require_symbols": true,
                "require_uppercase": true,
                "temporary_password_validity_days": 7
              }
            ],
            "schema": [
              {
                "attribute_data_type": "String",
                "developer_only_attribute": false,
                "mutable": true,
                "name": "email",
                "number_attribute_constraints": [],
                "required": true,
                "string_attribute_constraints": [
                  {
                    "max_length": "2048",
                    "min_length": "0"
                  }
                ]
              },
              {
                "attribute_data_type": "String",
                "developer_only_attribute": false,
                "mutable": true,
                "name": "name",
                "number_attribute_constraints": [],
                "required": false,
                "string_attribute_constraints": [
                  {
                    "max_length": null,
                    "min_length": null
                  }
                ]
              },
              {
                "attribute_data_type": "String",
                "developer_only_attribute": true,
                "mutable": true,
                "name": "google_sub",
                "number_attribute_constraints": [],
                "required": false,
                "string_attribute_constraints": [
                  {
                    "max_length": "256",
                    "min_length": "0"
                  }
                ]
              },
              {
                "attribute_data_type": "String",
                "developer_only_attribute": true,
                "mutable": true,
                "name": "provider",
                "number_attribute_constraints": [],
                "required": false,
                "string_attribute_constraints": [
                  {
                    "max_length": "64",
                    "min_length": "0"
                  }
                ]
              }
            ],
            "sign_in_policy": [
              {
                "allowed_first_auth_factors": [
                  "PASSWORD"
                ]
              }
            ],
            "sms_authentication_message": "",
            "sms_configuration": [],
            "sms_verification_message": "",
            "software_token_mfa_configuration": [],
            "tags": {
              "Environment": "staging",
              "ManagedBy": "terraform",
              "Name": "trading-platform-user-pool",
              "Project": "trading-platform"
            },
            "tags_all": {
              "Environment": "staging",
              "ManagedBy": "terraform",
              "Name": "trading-platform-user-pool",
              "Project": "trading-platform"
            },
            "user_attribute_update_settings": [],
            "user_pool_add_ons": [
              {
                "advanced_security_additional_flows": [
                  {
                    "custom_auth_mode": "AUDIT"
                  }
                ],
                "advanced_security_mode": "ENFORCED"
              }
            ],
            "user_pool_tier": "PLUS",
            "username_attributes": [],
            "username_configuration": [],
            "verification_message_template": [
              {
                "default_email_option": "CONFIRM_WITH_CODE",
                "email_message": "",
                "email_message_by_link": "",
                "email_subject": "",
                "email_subject_by_link": "",
                "sms_message": ""
              }
            ],
            "web_authn_configuration": []
          },
          "sensitive_attributes": [],
          "private": "bnVsbA=="
        }
      ]
    },
    {
      "mode": "managed",
      "type": "aws_cognito_user_pool_client",
      "name": "web_client",
      "provider": "provider[\"registry.terraform.io/hashicorp/aws\"]",
      "instances": [
        {
          "schema_version": 0,
          "attributes": {
            "access_token_validity": 60,
            "allowed_oauth_flows": [
              "code",
              "implicit"
            ],
            "allowed_oauth_flows_user_pool_client": true,
            "allowed_oauth_scopes": [
              "email",
              "openid",
              "profile"
            ],
            "analytics_configuration": [],
            "auth_session_validity": 3,
            "callback_urls": [
              "http://localhost:5173/auth/callback",
              "http://localhost:8000/api/v1/auth/google/callback",
              "https://hptp.quentinpiot.com/api/v1/auth/google/callback"
            ],
            "client_secret": "",
            "default_redirect_uri": "",
            "enable_propagate_additional_user_context_data": false,
            "enable_token_revocation": true,
            "explicit_auth_flows": [
              "ALLOW_REFRESH_TOKEN_AUTH",
              "ALLOW_USER_PASSWORD_AUTH",
              "ALLOW_USER_SRP_AUTH"
            ],
            "generate_secret": false,
            "id": "hcl2tpol6rk94cu1u0cg9o4f4",
            "id_token_validity": 60,
            "logout_urls": [
              "http://localhost:5173/",
              "https://hptp.quentinpiot.com/"
            ],
            "name": "trading-platform-web-client",
            "prevent_user_existence_errors": "ENABLED",
            "read_attributes": [],
            "refresh_token_rotation": [],
            "refresh_token_validity": 30,
            "supported_identity_providers": [
              "COGNITO",
              "Google"
            ],
            "token_validity_units": [
              {
                "access_token": "minutes",
                "id_token": "minutes",
                "refresh_token": "days"
              }
            ],
            "user_pool_id": "eu-west-3_pb05WIUdA",
            "write_attributes": []
          },
          "sensitive_attributes": [],
          "dependencies": [
            "aws_cognito_user_pool.main"
          ]
        }
      ]
    },
    {
      "mode": "managed",
      "type": "aws_cognito_user_pool_domain",
      "name": "main",
      "provider": "provider[\"registry.terraform.io/hashicorp/aws\"]",
      "instances": [
        {
          "schema_version": 0,
          "attributes": {
            "aws_account_id": "491085385866",
            "certificate_arn": "",
            "cloudfront_distribution": "d24qo3tz1oj1bi.cloudfront.net",
            "cloudfront_distribution_arn": "d24qo3tz1oj1bi.cloudfront.net",
            "cloudfront_distribution_zone_id": "Z2FDTNDATAQYW2",
            "domain": "trading-platform-staging-mek4tzqx",
            "id": "trading-platform-staging-mek4tzqx",
            "managed_login_version": 1,
            "s3_bucket": "aws-cognito-prod-cdg-assets",
            "user_pool_id": "eu-west-3_pb05WIUdA",
            "version": "20251021171433"
          },
          "sensitive_attributes": [],
          "private": "bnVsbA==",
          "dependencies": [
            "aws_cognito_user_pool.main",
            "random_string.bucket_suffix"
          ]
        }
      ]
    },
    {
      "mode": "managed",
      "type": "aws_ecr_repository",
      "name": "backend",
      "provider": "provider[\"registry.terraform.io/hashicorp/aws\"]",
      "instances": [
        {
          "schema_version": 0,
          "attributes": {
            "arn": "arn:aws:ecr:eu-west-3:491085385866:repository/trading-platform_backend",
            "encryption_configuration": [
              {
                "encryption_type": "AES256",
                "kms_key": ""
              }
            ],
            "force_delete": null,
            "id": "trading-platform_backend",
            "image_scanning_configuration": [
              {
                "scan_on_push": false
              }
            ],
            "image_tag_mutability": "MUTABLE",
            "name": "trading-platform_backend",
            "registry_id": "491085385866",
            "repository_url": "491085385866.dkr.ecr.eu-west-3.amazonaws.com/trading-platform_backend",
            "tags": {
              "Name": "trading-platform-backend-ecr"
            },
            "tags_all": {
              "Name": "trading-platform-backend-ecr"
            },
            "timeouts": null
          },
          "sensitive_attributes": [],
          "private": "eyJlMmJmYjczMC1lY2FhLTExZTYtOGY4OC0zNDM2M2JjN2M0YzAiOnsiZGVsZXRlIjoxMjAwMDAwMDAwMDAwfX0="
        }
      ]
    },
    {
      "mode": "managed",
      "type": "aws_ecs_cluster",
      "name": "main",
      "provider": "provider[\"registry.terraform.io/hashicorp/aws\"]",
      "instances": [
        {
          "schema_version": 0,
          "attributes": {
            "arn": "arn:aws:ecs:eu-west-3:491085385866:cluster/trading-platform-cluster",
            "configuration": [],
            "id": "arn:aws:ecs:eu-west-3:491085385866:cluster/trading-platform-cluster",
            "name": "trading-platform-cluster",
            "service_connect_defaults": [],
            "setting": [
              {
                "name": "containerInsights",
                "value": "disabled"
              }
            ],
            "tags": {
              "Name": "trading-platform-cluster"
            },
            "tags_all": {
              "Name": "trading-platform-cluster"
            }
          },
          "sensitive_attributes": [],
          "private": "bnVsbA=="
        }
      ]
    },
    {
      "mode": "managed",
      "type": "aws_ecs_service",
      "name": "backend_service",
      "provider": "provider[\"registry.terraform.io/hashicorp/aws\"]",
      "instances": [
        {
          "schema_version": 1,
          "attributes": {
            "alarms": [],
            "availability_zone_rebalancing": "DISABLED",
            "capacity_provider_strategy": [],
            "cluster": "arn:aws:ecs:eu-west-3:491085385866:cluster/trading-platform-cluster",
            "deployment_circuit_breaker": [
              {
                "enable": false,
                "rollback": false
              }
            ],
            "deployment_controller": [
              {
                "type": "ECS"
              }
            ],
            "deployment_maximum_percent": 200,
            "deployment_minimum_healthy_percent": 100,
            "desired_count": 1,
            "enable_ecs_managed_tags": false,
            "enable_execute_command": false,
            "force_delete": null,
            "force_new_deployment": null,
            "health_check_grace_period_seconds": 0,
            "iam_role": "/aws-service-role/ecs.amazonaws.com/AWSServiceRoleForECS",
            "id": "arn:aws:ecs:eu-west-3:491085385866:service/trading-platform-cluster/trading-platform-backend-svc",
            "launch_type": "FARGATE",
            "load_balancer": [
              {
                "container_name": "backend",
                "container_port": 8000,
                "elb_name": "",
                "target_group_arn": "arn:aws:elasticloadbalancing:eu-west-3:491085385866:targetgroup/trading-platform-tg/59e713fc3508ba27"
              }
            ],
            "name": "trading-platform-backend-svc",
            "network_configuration": [
              {
                "assign_public_ip": true,
                "security_groups": [
                  "sg-0109b380d6a4a8d74"
                ],
                "subnets": [
                  "subnet-0558345ca2deb397b",
                  "subnet-07a3f747ab38e6729"
                ]
              }
            ],
            "ordered_placement_strategy": [],
            "placement_constraints": [],
            "platform_version": "LATEST",
            "propagate_tags": "NONE",
            "scheduling_strategy": "REPLICA",
            "service_connect_configuration": [],
            "service_registries": [],
            "tags": {
              "Name": "trading-platform-backend-svc"
            },
            "tags_all": {
              "Name": "trading-platform-backend-svc"
            },
            "task_definition": "arn:aws:ecs:eu-west-3:491085385866:task-definition/trading-platform-backend-task:12",
            "timeouts": null,
            "triggers": {},
            "volume_configuration": [],
            "vpc_lattice_configurations": [],
            "wait_for_steady_state": false
          },
          "sensitive_attributes": [],
          "private": "eyJlMmJmYjczMC1lY2FhLTExZTYtOGY4OC0zNDM2M2JjN2M0YzAiOnsiY3JlYXRlIjoxMjAwMDAwMDAwMDAwLCJkZWxldGUiOjEyMDAwMDAwMDAwMDAsInVwZGF0ZSI6MTIwMDAwMDAwMDAwMH0sInNjaGVtYV92ZXJzaW9uIjoiMSJ9",
          "dependencies": [
            "aws_cloudwatch_log_group.application",
            "aws_cloudwatch_log_group.ecs",
            "aws_cognito_identity_pool.main",
            "aws_cognito_user_pool.main",
            "aws_cognito_user_pool_client.web_client",
            "aws_ecr_repository.backend",
            "aws_ecs_cluster.main",
            "aws_ecs_task_definition.backend_task",
            "aws_efs_file_system.postgres",
            "aws_iam_role.ecs_task_execution_role",
            "aws_iam_role.ecs_task_role",
            "aws_lb.alb",
            "aws_lb_listener.listener",
            "aws_lb_target_group.tg",
            "aws_s3_bucket.monte_carlo_artifacts",
            "aws_security_group.alb_sg",
            "aws_security_group.ecs_sg",
            "aws_sqs_queue.monte_carlo_dlq",
            "aws_sqs_queue.monte_carlo_jobs",
            "aws_subnet.public",
            "aws_vpc.main",
            "data.aws_availability_zones.azs",
            "data.aws_iam_policy_document.ecs_task_assume_role",
            "random_string.bucket_suffix"
          ]
        }
      ]
    },
    {
      "mode": "managed",
      "type": "aws_ecs_task_definition",
      "name": "backend_task",
      "provider": "provider[\"registry.terraform.io/hashicorp/aws\"]",
      "instances": [
        {
          "schema_version": 1,
          "attributes": {
            "arn": "arn:aws:ecs:eu-west-3:491085385866:task-definition/trading-platform-backend-task:12",
            "arn_without_revision": "arn:aws:ecs:eu-west-3:491085385866:task-definition/trading-platform-backend-task",
            "container_definitions": "[{\"dependsOn\":[{\"condition\":\"START\",\"containerName\":\"postgres\"},{\"condition\":\"START\",\"containerName\":\"redis\"}],\"environment\":[{\"name\":\"ACCESS_TOKEN_EXPIRE_MINUTES\",\"value\":\"10080\"},{\"name\":\"AWS_DEFAULT_REGION\",\"value\":\"eu-west-3\"},{\"name\":\"AWS_LOG_GROUP\",\"value\":\"/aws/application/trading-platform\"},{\"name\":\"AWS_LOG_STREAM\",\"value\":\"api-logs\"},{\"name\":\"AWS_REGION\",\"value\":\"eu-west-3\"},{\"name\":\"CACHE_ENABLED\",\"value\":\"true\"},{\"name\":\"COGNITO_CLIENT_ID\",\"value\":\"hcl2tpol6rk94cu1u0cg9o4f4\"},{\"name\":\"COGNITO_IDENTITY_POOL_ID\",\"value\":\"eu-west-3:cd70617e-bd7c-45ba-8196-e7818bda3b14\"},{\"name\":\"COGNITO_REGION\",\"value\":\"eu-west-3\"},{\"name\":\"COGNITO_USER_POOL_ID\",\"value\":\"eu-west-3_pb05WIUdA\"},{\"name\":\"DATABASE_HOST\",\"value\":\"localhost\"},{\"name\":\"DATABASE_NAME\",\"value\":\"trading_db\"},{\"name\":\"DATABASE_PASSWORD\",\"value\":\"postgres\"},{\"name\":\"DATABASE_PORT\",\"value\":\"5432\"},{\"name\":\"DATABASE_URL\",\"value\":\"postgresql+psycopg://postgres:postgres@localhost:5432/trading_db\"},{\"name\":\"DATABASE_USER\",\"value\":\"postgres\"},{\"name\":\"ENABLE_CLOUDWATCH_LOGGING\",\"value\":\"true\"},{\"name\":\"ENVIRONMENT\",\"value\":\"staging\"},{\"name\":\"FRONTEND_URL\",\"value\":\"https://hptp.quentinpiot.com\"},{\"name\":\"GOOGLE_CLIENT_ID\",\"value\":\"1049425769609-hh56557qhov7llqn5hip5l64c201vh5u.apps.googleusercontent.com\"},{\"name\":\"GOOGLE_CLIENT_SECRET\",\"value\":\"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\"},{\"name\":\"GOOGLE_REDIRECT_URI\",\"value\":\"https://hptp.quentinpiot.com/api/v1/auth/google/callback\"},{\"name\":\"JWT_ALGORITHM\",\"value\":\"HS256\"},{\"name\":\"JWT_SECRET\",\"value\":\"6099387cd884ec0097917bc5809f45c0\"},{\"name\":\"REDIS_URL\",\"value\":\"redis://localhost:6379/0\"},{\"name\":\"RUN_WORKER\",\"value\":\"true\"},{\"name\":\"S3_ARTIFACTS_BUCKET\",\"value\":\"trading-platform-monte-carlo-artifacts-mek4tzqx\"},{\"name\":\"SQS_DLQ_URL\",\"value\":\"https://sqs.eu-west-3.amazonaws.com/491085385866/trading-platform-monte-carlo-jobs-dlq\"},{\"name\":\"SQS_MESSAGE_RETENTION\",\"value\":\"1209600\"},{\"name\":\"SQS_QUEUE_URL\",\"value\":\"https://sqs.eu-west-3.amazonaws.com/491085385866/trading-platform-monte-carlo-jobs\"},{\"name\":\"SQS_VISIBILITY_TIMEOUT\",\"value\":\"300\"}],\"essential\":true,\"image\":\"491085385866.dkr.ecr.eu-west-3.amazonaws.com/trading-platform_backend:latest\",\"logConfiguration\":{\"logDriver\":\"awslogs\",\"options\":{\"awslogs-region\":\"eu-west-3\",\"awslogs-stream-prefix\":\"backend\",\"awslogs-group\":\"/ecs/trading-platform\"}},\"mountPoints\":[],\"name\":\"backend\",\"portMappings\":[{\"containerPort\":8000,\"hostPort\":8000,\"protocol\":\"tcp\"}],\"systemControls\":[],\"volumesFrom\":[]},{\"environment\":[{\"name\":\"POSTGRES_DB\",\"value\":\"trading_db\"},{\"name\":\"POSTGRES_PASSWORD\",\"value\":\"postgres\"},{\"name\":\"POSTGRES_USER\",\"value\":\"postgres\"}],\"essential\":true,\"image\":\"postgres:16\",\"logConfiguration\":{\"logDriver\":\"awslogs\",\"options\":{\"awslogs-group\":\"/ecs/trading-platform\",\"awslogs-region\":\"eu-west-3\",\"awslogs-stream-prefix\":\"postgres\"}},\"mountPoints\":[{\"containerPath\":\"/var/lib/postgresql/data\",\"readOnly\":false,\"sourceVolume\":\"postgres-data\"}],\"name\":\"postgres\",\"portMappings\":[],\"systemControls\":[],\"volumesFrom\":[]},{\"command\":[\"redis-server\",\"--appendonly\",\"no\",\"--save\",\"\",\"--maxmemory\",\"256mb\",\"--maxmemory-policy\",\"allkeys-lru\",\"--protected-mode\",\"yes\"],\"environment\":[],\"essential\":true,\"image\":\"redis:7-alpine\",\"logConfiguration\":{\"logDriver\":\"awslogs\",\"options\":{\"awslogs-group\":\"/ecs/trading-platform\",\"awslogs-region\":\"eu-west-3\",\"awslogs-stream-prefix\":\"redis\"}},\"mountPoints\":[],\"name\":\"redis\",\"portMappings\":[{\"containerPort\":6379,\"hostPort\":6379,\"protocol\":\"tcp\"}],\"systemControls\":[],\"volumesFrom\":[]}]",
            "cpu": "1024",
            "enable_fault_injection": false,
            "ephemeral_storage": [],
            "execution_role_arn": "arn:aws:iam::491085385866:role/trading-platform-ecs-task-exec-role",
            "family": "trading-platform-backend-task",
            "id": "trading-platform-backend-task",
            "inference_accelerator": [],
            "ipc_mode": "",
            "memory": "2048",
            "network_mode": "awsvpc",
            "pid_mode": "",
            "placement_constraints": [],
            "proxy_configuration": [],
            "requires_compatibilities": [
              "FARGATE"
            ],
            "revision": 12,
            "runtime_platform": [],
            "skip_destroy": false,
            "tags": {
              "Name": "trading-platform-backend-task"
            },
            "tags_all": {
              "Name": "trading-platform-backend-task"
            },
            "task_role_arn": "arn:aws:iam::491085385866:role/trading-platform-ecs-task-role",
            "track_latest": false,
            "volume": [
              {
                "configure_at_launch": false,
                "docker_volume_configuration": [],
                "efs_volume_configuration": [
                  {
                    "authorization_config": [],
                    "file_system_id": "fs-02a862820a911216a",
                    "root_directory": "/",
                    "transit_encryption": "ENABLED",
                    "transit_encryption_port": 0
                  }
                ],
                "fsx_windows_file_server_volume_configuration": [],
                "host_path": "",
                "name": "postgres-data"
              }
            ]
          },
          "sensitive_attributes": [
            [
              {
                "type": "get_attr",
                "value": "container_definitions"
              }
            ]
          ],
          "private": "eyJzY2hlbWFfdmVyc2lvbiI6IjEifQ==",
          "dependencies": [
            "aws_cloudwatch_log_group.application",
            "aws_cloudwatch_log_group.ecs",
            "aws_cognito_identity_pool.main",
            "aws_cognito_user_pool.main",
            "aws_cognito_user_pool_client.web_client",
            "aws_ecr_repository.backend",
            "aws_efs_file_system.postgres",
            "aws_iam_role.ecs_task_execution_role",
            "aws_iam_role.ecs_task_role",
            "aws_s3_bucket.monte_carlo_artifacts",
            "aws_sqs_queue.monte_carlo_dlq",
            "aws_sqs_queue.monte_carlo_jobs",
            "data.aws_iam_policy_document.ecs_task_assume_role",
            "random_string.bucket_suffix"
          ]
        }
      ]
    },
    {
      "mode": "managed",
      "type": "aws_efs_file_system",
      "name": "postgres",
      "provider": "provider[\"registry.terraform.io/hashicorp/aws\"]",
      "instances": [
        {
          "schema_version": 0,
          "attributes": {
            "arn": "arn:aws:elasticfilesystem:eu-west-3:491085385866:file-system/fs-02a862820a911216a",
            "availability_zone_id": "",
            "availability_zone_name": "",
            "creation_token": "terraform-20251011143158578800000001",
            "dns_name": "fs-02a862820a911216a.efs.eu-west-3.amazonaws.com",
            "encrypted": true,
            "id": "fs-02a862820a911216a",
            "kms_key_id": "arn:aws:kms:eu-west-3:491085385866:key/13a0f6e7-844b-46d3-88c8-2dcb30280419",
            "lifecycle_policy": [],
            "name": "trading-platform-efs",
            "number_of_mount_targets": 2,
            "owner_id": "491085385866",
            "performance_mode": "generalPurpose",
            "protection": [
              {
                "replication_overwrite": "ENABLED"
              }
            ],
            "provisioned_throughput_in_mibps": 0,
            "size_in_bytes": [
              {
                "value": 68970496,
                "value_in_ia": 0,
                "value_in_standard": 68970496
              }
            ],
            "tags": {
              "Name": "trading-platform-efs"
            },
            "tags_all": {
              "Name": "trading-platform-efs"
            },
            "throughput_mode": "bursting"
          },
          "sensitive_attributes": [],
          "private": "bnVsbA=="
        }
      ]
    },
    {
      "mode": "managed",
      "type": "aws_efs_mount_target",
      "name": "mt",
      "provider": "provider[\"registry.terraform.io/hashicorp/aws\"]",
      "instances": [
        {
          "index_key": "0",
          "schema_version": 0,
          "attributes": {
            "availability_zone_id": "euw3-az1",
            "availability_zone_name": "eu-west-3a",
            "dns_name": "fs-02a862820a911216a.efs.eu-west-3.amazonaws.com",
            "file_system_arn": "arn:aws:elasticfilesystem:eu-west-3:491085385866:file-system/fs-02a862820a911216a",
            "file_system_id": "fs-02a862820a911216a",
            "id": "fsmt-02b53d360aa155094",
            "ip_address": "10.100.0.221",
            "mount_target_dns_name": "eu-west-3a.fs-02a862820a911216a.efs.eu-west-3.amazonaws.com",
            "network_interface_id": "eni-0f2f5aed2c30af146",
            "owner_id": "491085385866",
            "security_groups": [
              "sg-097e2e5b320e0e76b"
            ],
            "subnet_id": "subnet-07a3f747ab38e6729",
            "timeouts": null
          },
          "sensitive_attributes": [],
          "private": "eyJlMmJmYjczMC1lY2FhLTExZTYtOGY4OC0zNDM2M2JjN2M0YzAiOnsiY3JlYXRlIjoxODAwMDAwMDAwMDAwLCJkZWxldGUiOjYwMDAwMDAwMDAwMH19",
          "dependencies": [
            "aws_efs_file_system.postgres",
            "aws_security_group.alb_sg",
            "aws_security_group.ecs_sg",
            "aws_security_group.efs_sg",
            "aws_subnet.public",
            "aws_vpc.main",
            "data.aws_availability_zones.azs"
          ]
        },
        {
          "index_key": "1",
          "schema_version": 0,
          "attributes": {
            "availability_zone_id": "euw3-az2",
            "availability_zone_name": "eu-west-3b",
            "dns_name": "fs-02a862820a911216a.efs.eu-west-3.amazonaws.com",
            "file_system_arn": "arn:aws:elasticfilesystem:eu-west-3:491085385866:file-system/fs-02a862820a911216a",
            "file_system_id": "fs-02a862820a911216a",
            "id": "fsmt-0c6df11a6b2e386ba",
            "ip_address": "10.100.1.154",
            "mount_target_dns_name": "eu-west-3b.fs-02a862820a911216a.efs.eu-west-3.amazonaws.com",
            "network_interface_id": "eni-07d683f6ab76fc493",
            "owner_id": "491085385866",
            "security_groups": [
              "sg-097e2e5b320e0e76b"
            ],
            "subnet_id": "subnet-0558345ca2deb397b",
            "timeouts": null
          },
          "sensitive_attributes": [],
          "private": "eyJlMmJmYjczMC1lY2FhLTExZTYtOGY4OC0zNDM2M2JjN2M0YzAiOnsiY3JlYXRlIjoxODAwMDAwMDAwMDAwLCJkZWxldGUiOjYwMDAwMDAwMDAwMH19",
          "dependencies": [
            "aws_efs_file_system.postgres",
            "aws_security_group.alb_sg",
            "aws_security_group.ecs_sg",
            "aws_security_group.efs_sg",
            "aws_subnet.public",
            "aws_vpc.main",
            "data.aws_availability_zones.azs"
          ]
        }
      ]
    },
    {
      "mode": "managed",
      "type": "aws_iam_policy",
      "name": "app_permissions",
      "provider": "provider[\"registry.terraform.io/hashicorp/aws\"]",
      "instances": [
        {
          "schema_version": 0,
          "attributes": {
            "arn": "arn:aws:iam::491085385866:policy/trading-platform-app-permissions",
            "attachment_count": 1,
            "description": "Permissions for trading platform application",
            "id": "arn:aws:iam::491085385866:policy/trading-platform-app-permissions",
            "name": "trading-platform-app-permissions",
            "name_prefix": "",
            "path": "/",
            "policy": "{\"Statement\":[{\"Action\":[\"sqs:SendMessage\",\"sqs:ReceiveMessage\",\"sqs:DeleteMessage\",\"sqs:GetQueueAttributes\",\"sqs:ChangeMessageVisibility\"],\"Effect\":\"Allow\",\"Resource\":[\"arn:aws:sqs:eu-west-3:491085385866:trading-platform-monte-carlo-jobs\",\"arn:aws:sqs:eu-west-3:491085385866:trading-platform-monte-carlo-jobs-dlq\"]},{\"Action\":[\"s3:GetObject\",\"s3:PutObject\",\"s3:DeleteObject\",\"s3:ListBucket\"],\"Effect\":\"Allow\",\"Resource\":[\"arn:aws:s3:::trading-platform-monte-carlo-artifacts-mek4tzqx\",\"arn:aws:s3:::trading-platform-monte-carlo-artifacts-mek4tzqx/*\"]},{\"Action\":[\"logs:CreateLogStream\",\"logs:PutLogEvents\",\"logs:DescribeLogGroups\",\"logs:DescribeLogStreams\"],\"Effect\":\"Allow\",\"Resource\":[\"arn:aws:logs:eu-west-3:491085385866:log-group:/aws/application/trading-platform\",\"arn:aws:logs:eu-west-3:491085385866:log-group:/aws/worker/trading-platform-monte-carlo\",\"arn:aws:logs:eu-west-3:491085385866:log-group:/aws/application/trading-platform:*\",\"arn:aws:logs:eu-west-3:491085385866:log-group:/aws/worker/trading-platform-monte-carlo:*\"]},{\"Action\":[\"cloudwatch:PutMetricData\",\"cloudwatch:GetMetricStatistics\",\"cloudwatch:ListMetrics\"],\"Effect\":\"Allow\",\"Resource\":\"*\"},{\"Action\":[\"cognito-idp:AdminCreateUser\",\"cognito-idp:AdminGetUser\",\"cognito-idp:AdminUpdateUserAttributes\",\"cognito-idp:AdminSetUserPassword\",\"cognito-idp:AdminConfirmSignUp\",\"cognito-idp:ListUsers\",\"cognito-identity:GetId\",\"cognito-identity:GetCredentialsForIdentity\"],\"Effect\":\"Allow\",\"Resource\":[\"arn:aws:cognito-idp:eu-west-3:491085385866:userpool/*\",\"arn:aws:cognito-identity:eu-west-3:491085385866:identitypool/*\"]}],\"Version\":\"2012-10-17\"}",
            "policy_id": "ANPAXEVXYKCFDXY55SWUX",
            "tags": {},
            "tags_all": {}
          },
          "sensitive_attributes": [],
          "private": "bnVsbA==",
          "dependencies": [
            "aws_cloudwatch_log_group.application",
            "aws_cloudwatch_log_group.monte_carlo_worker",
            "aws_s3_bucket.monte_carlo_artifacts",
            "aws_sqs_queue.monte_carlo_dlq",
            "aws_sqs_queue.monte_carlo_jobs",
            "data.aws_caller_identity.current",
            "data.aws_region.current",
            "random_string.bucket_suffix"
          ]
        }
      ]
    },
    {
      "mode": "managed",
      "type": "aws_iam_role",
      "name": "authenticated",
      "provider": "provider[\"registry.terraform.io/hashicorp/aws\"]",
      "instances": [
        {
          "schema_version": 0,
          "attributes": {
            "arn": "arn:aws:iam::491085385866:role/trading-platform-staging-cognito-authenticated",
            "assume_role_policy": "{\"Statement\":[{\"Action\":\"sts:AssumeRoleWithWebIdentity\",\"Condition\":{\"ForAnyValue:StringLike\":{\"cognito-identity.amazonaws.com:amr\":\"authenticated\"},\"StringEquals\":{\"cognito-identity.amazonaws.com:aud\":\"eu-west-3:cd70617e-bd7c-45ba-8196-e7818bda3b14\"}},\"Effect\":\"Allow\",\"Principal\":{\"Federated\":\"cognito-identity.amazonaws.com\"}}],\"Version\":\"2012-10-17\"}",
            "create_date": "2025-10-21T17:14:35Z",
            "description": "",
            "force_detach_policies": false,
            "id": "trading-platform-staging-cognito-authenticated",
            "inline_policy": [
              {
                "name": "trading-platform-staging-cognito-authenticated-policy",
                "policy": "{\"Version\":\"2012-10-17\",\"Statement\":[{\"Action\":[\"cognito-sync:*\",\"cognito-identity:*\"],\"Effect\":\"Allow\",\"Resource\":\"*\"}]}"
              }
            ],
            "managed_policy_arns": [],
            "max_session_duration": 3600,
            "name": "trading-platform-staging-cognito-authenticated",
            "name_prefix": "",
            "path": "/",
            "permissions_boundary": "",
            "tags": {
              "Environment": "staging",
              "ManagedBy": "terraform",
              "Name": "trading-platform-cognito-authenticated-role",
              "Project": "trading-platform"
            },
            "tags_all": {
              "Environment": "staging",
              "ManagedBy": "terraform",
              "Name": "trading-platform-cognito-authenticated-role",
              "Project": "trading-platform"
            },
            "unique_id": "AROAXEVXYKCFNP5ZOOVHJ"
          },
          "sensitive_attributes": [],
          "private": "bnVsbA==",
          "dependencies": [
            "aws_cognito_identity_pool.main",
            "aws_cognito_user_pool.main",
            "aws_cognito_user_pool_client.web_client"
          ]
        }
      ]
    },
    {
      "mode": "managed",
      "type": "aws_iam_role",
      "name": "ecs_task_execution_role",
      "provider": "provider[\"registry.terraform.io/hashicorp/aws\"]",
      "instances": [
        {
          "schema_version": 0,
          "attributes": {
            "arn": "arn:aws:iam::491085385866:role/trading-platform-ecs-task-exec-role",
            "assume_role_policy": "{\"Statement\":[{\"Action\":\"sts:AssumeRole\",\"Effect\":\"Allow\",\"Principal\":{\"Service\":\"ecs-tasks.amazonaws.com\"}}],\"Version\":\"2012-10-17\"}",
            "create_date": "2025-10-11T14:31:59Z",
            "description": "",
            "force_detach_policies": false,
            "id": "trading-platform-ecs-task-exec-role",
            "inline_policy": [],
            "managed_policy_arns": [
              "arn:aws:iam::aws:policy/AmazonEC2ContainerRegistryReadOnly",
              "arn:aws:iam::aws:policy/AmazonElasticFileSystemClientFullAccess",
              "arn:aws:iam::aws:policy/service-role/AmazonECSTaskExecutionRolePolicy"
            ],
            "max_session_duration": 3600,
            "name": "trading-platform-ecs-task-exec-role",
            "name_prefix": "",
            "path": "/",
            "permissions_boundary": "",
            "tags": {
              "Name": "trading-platform-ecs-task-exec-role"
            },
            "tags_all": {
              "Name": "trading-platform-ecs-task-exec-role"
            },
            "unique_id": "AROAXEVXYKCFLLLSEYEZ3"
          },
          "sensitive_attributes": [],
          "private": "bnVsbA==",
          "dependencies": [
            "data.aws_iam_policy_document.ecs_task_assume_role"
          ]
        }
      ]
    },
    {
      "mode": "managed",
      "type": "aws_iam_role",
      "name": "ecs_task_role",
      "provider": "provider[\"registry.terraform.io/hashicorp/aws\"]",
      "instances": [
        {
          "schema_version": 0,
          "attributes": {
            "arn": "arn:aws:iam::491085385866:role/trading-platform-ecs-task-role",
            "assume_role_policy": "{\"Statement\":[{\"Action\":\"sts:AssumeRole\",\"Effect\":\"Allow\",\"Principal\":{\"Service\":\"ecs-tasks.amazonaws.com\"}}],\"Version\":\"2012-10-17\"}",
            "create_date": "2025-10-13T23:13:03Z",
            "description": "",
            "force_detach_policies": false,
            "id": "trading-platform-ecs-task-role",
            "inline_policy": [],
            "managed_policy_arns": [
              "arn:aws:iam::491085385866:policy/trading-platform-app-permissions"
            ],
            "max_session_duration": 3600,
            "name": "trading-platform-ecs-task-role",
            "name_prefix": "",
            "path": "/",
            "permissions_boundary": "",
            "tags": {
              "Name": "trading-platform-ecs-task-role"
            },
            "tags_all": {
              "Name": "trading-platform-ecs-task-role"
            },
            "unique_id": "AROAXEVXYKCFGMKHWHG7G"
          },
          "sensitive_attributes": [],
          "private": "bnVsbA==",
          "dependencies": [
            "data.aws_iam_policy_document.ecs_task_assume_role"
          ]
        }
      ]
    },
    {
      "mode": "managed",
      "type": "aws_iam_role_policy",
      "name": "authenticated",
      "provider": "provider[\"registry.terraform.io/hashicorp/aws\"]",
      "instances": [
        {
          "schema_version": 0,
          "attributes": {
            "id": "trading-platform-staging-cognito-authenticated:trading-platform-staging-cognito-authenticated-policy",
            "name": "trading-platform-staging-cognito-authenticated-policy",
            "name_prefix": "",
            "policy": "{\"Version\":\"2012-10-17\",\"Statement\":[{\"Action\":[\"cognito-sync:*\",\"cognito-identity:*\"],\"Effect\":\"Allow\",\"Resource\":\"*\"}]}",
            "role": "trading-platform-staging-cognito-authenticated"
          },
          "sensitive_attributes": [],
          "private": "bnVsbA==",
          "dependencies": [
            "aws_cognito_identity_pool.main",
            "aws_cognito_user_pool.main",
            "aws_cognito_user_pool_client.web_client",
            "aws_iam_role.authenticated"
          ]
        }
      ]
    },
    {
      "mode": "managed",
      "type": "aws_iam_role_policy_attachment",
      "name": "app_permissions",
      "provider": "provider[\"registry.terraform.io/hashicorp/aws\"]",
      "instances": [
        {
          "schema_version": 0,
          "attributes": {
            "id": "trading-platform-ecs-task-role-20251013231359823700000001",
            "policy_arn": "arn:aws:iam::491085385866:policy/trading-platform-app-permissions",
            "role": "trading-platform-ecs-task-role"
          },
          "sensitive_attributes": [],
          "private": "bnVsbA==",
          "dependencies": [
            "aws_cloudwatch_log_group.application",
            "aws_cloudwatch_log_group.monte_carlo_worker",
            "aws_iam_policy.app_permissions",
            "aws_iam_role.ecs_task_role",
            "aws_s3_bucket.monte_carlo_artifacts",
            "aws_sqs_queue.monte_carlo_dlq",
            "aws_sqs_queue.monte_carlo_jobs",
            "data.aws_caller_identity.current",
            "data.aws_iam_policy_document.ecs_task_assume_role",
            "data.aws_region.current",
            "random_string.bucket_suffix"
          ]
        }
      ]
    },
    {
      "mode": "managed",
      "type": "aws_iam_role_policy_attachment",
      "name": "ecr_read",
      "provider": "provider[\"registry.terraform.io/hashicorp/aws\"]",
      "instances": [
        {
          "schema_version": 0,
          "attributes": {
            "id": "trading-platform-ecs-task-exec-role-20251011143200652400000004",
            "policy_arn": "arn:aws:iam::aws:policy/AmazonEC2ContainerRegistryReadOnly",
            "role": "trading-platform-ecs-task-exec-role"
          },
          "sensitive_attributes": [],
          "private": "bnVsbA==",
          "dependencies": [
            "aws_iam_role.ecs_task_execution_role",
            "data.aws_iam_policy_document.ecs_task_assume_role"
          ]
        }
      ]
    },
    {
      "mode": "managed",
      "type": "aws_iam_role_policy_attachment",
      "name": "efs_client",
      "provider": "provider[\"registry.terraform.io/hashicorp/aws\"]",
      "instances": [
        {
          "schema_version": 0,
          "attributes": {
            "id": "trading-platform-ecs-task-exec-role-20251011143200030300000002",
            "policy_arn": "arn:aws:iam::aws:policy/AmazonElasticFileSystemClientFullAccess",
            "role": "trading-platform-ecs-task-exec-role"
          },
          "sensitive_attributes": [],
          "private": "bnVsbA==",
          "dependencies": [
            "aws_iam_role.ecs_task_execution_role",
            "data.aws_iam_policy_document.ecs_task_assume_role"
          ]
        }
      ]
    },
    {
      "mode": "managed",
      "type": "aws_iam_role_policy_attachment",
      "name": "exec_policy",
      "provider": "provider[\"registry.terraform.io/hashicorp/aws\"]",
      "instances": [
        {
          "schema_version": 0,
          "attributes": {
            "id": "trading-platform-ecs-task-exec-role-20251011143200264500000003",
            "policy_arn": "arn:aws:iam::aws:policy/service-role/AmazonECSTaskExecutionRolePolicy",
            "role": "trading-platform-ecs-task-exec-role"
          },
          "sensitive_attributes": [],
          "private": "bnVsbA==",
          "dependencies": [
            "aws_iam_role.ecs_task_execution_role",
            "data.aws_iam_policy_document.ecs_task_assume_role"
          ]
        }
      ]
    },
    {
      "mode": "managed",
      "type": "aws_internet_gateway",
      "name": "igw",
      "provider": "provider[\"registry.terraform.io/hashicorp/aws\"]",
      "instances": [
        {
          "schema_version": 0,
          "attributes": {
            "arn": "arn:aws:ec2:eu-west-3:491085385866:internet-gateway/igw-0b24540311a85e05d",
            "id": "igw-0b24540311a85e05d",
            "owner_id": "491085385866",
            "tags": {
              "Name": "trading-platform-igw"
            },
            "tags_all": {
              "Name": "trading-platform-igw"
            },
            "timeouts": null,
            "vpc_id": "vpc-077a9d87e90b699fd"
          },
          "sensitive_attributes": [],
          "private": "eyJlMmJmYjczMC1lY2FhLTExZTYtOGY4OC0zNDM2M2JjN2M0YzAiOnsiY3JlYXRlIjoxMjAwMDAwMDAwMDAwLCJkZWxldGUiOjEyMDAwMDAwMDAwMDAsInVwZGF0ZSI6MTIwMDAwMDAwMDAwMH19",
          "dependencies": [
            "aws_vpc.main"
          ]
        }
      ]
    },
    {
      "mode": "managed",
      "type": "aws_lb",
      "name": "alb",
      "provider": "provider[\"registry.terraform.io/hashicorp/aws\"]",
      "instances": [
        {
          "schema_version": 0,
          "attributes": {
            "access_logs": [
              {
                "bucket": "",
                "enabled": false,
                "prefix": ""
              }
            ],
            "arn": "arn:aws:elasticloadbalancing:eu-west-3:491085385866:loadbalancer/app/trading-platform-alb/80e105a74977e8b3",
            "arn_suffix": "app/trading-platform-alb/80e105a74977e8b3",
            "client_keep_alive": 3600,
            "connection_logs": [
              {
                "bucket": "",
                "enabled": false,
                "prefix": ""
              }
            ],
            "customer_owned_ipv4_pool": "",
            "desync_mitigation_mode": "defensive",
            "dns_name": "trading-platform-alb-1363873398.eu-west-3.elb.amazonaws.com",
            "dns_record_client_routing_policy": null,
            "drop_invalid_header_fields": false,
            "enable_cross_zone_load_balancing": true,
            "enable_deletion_protection": false,
            "enable_http2": true,
            "enable_tls_version_and_cipher_suite_headers": false,
            "enable_waf_fail_open": false,
            "enable_xff_client_port": false,
            "enable_zonal_shift": false,
            "enforce_security_group_inbound_rules_on_private_link_traffic": "",
            "id": "arn:aws:elasticloadbalancing:eu-west-3:491085385866:loadbalancer/app/trading-platform-alb/80e105a74977e8b3",
            "idle_timeout": 60,
            "internal": false,
            "ip_address_type": "ipv4",
            "ipam_pools": [],
            "load_balancer_type": "application",
            "minimum_load_balancer_capacity": [],
            "name": "trading-platform-alb",
            "name_prefix": "",
            "preserve_host_header": false,
            "security_groups": [
              "sg-06a2bde34840a945b"
            ],
            "subnet_mapping": [
              {
                "allocation_id": "",
                "ipv6_address": "",
                "outpost_id": "",
                "private_ipv4_address": "",
                "subnet_id": "subnet-0558345ca2deb397b"
              },
              {
                "allocation_id": "",
                "ipv6_address": "",
                "outpost_id": "",
                "private_ipv4_address": "",
                "subnet_id": "subnet-07a3f747ab38e6729"
              }
            ],
            "subnets": [
              "subnet-0558345ca2deb397b",
              "subnet-07a3f747ab38e6729"
            ],
            "tags": {
              "Name": "trading-platform-alb"
            },
            "tags_all": {
              "Name": "trading-platform-alb"
            },
            "timeouts": null,
            "vpc_id": "vpc-077a9d87e90b699fd",
            "xff_header_processing_mode": "append",
            "zone_id": "Z3Q77PNBQS71R4"
          },
          "sensitive_attributes": [],
          "private": "eyJlMmJmYjczMC1lY2FhLTExZTYtOGY4OC0zNDM2M2JjN2M0YzAiOnsiY3JlYXRlIjo2MDAwMDAwMDAwMDAsImRlbGV0ZSI6NjAwMDAwMDAwMDAwLCJ1cGRhdGUiOjYwMDAwMDAwMDAwMH19",
          "dependencies": [
            "aws_security_group.alb_sg",
            "aws_subnet.public",
            "aws_vpc.main",
            "data.aws_availability_zones.azs"
          ]
        }
      ]
    },
    {
      "mode": "managed",
      "type": "aws_lb_listener",
      "name": "listener",
      "provider": "provider[\"registry.terraform.io/hashicorp/aws\"]",
      "instances": [
        {
          "schema_version": 0,
          "attributes": {
            "alpn_policy": null,
            "arn": "arn:aws:elasticloadbalancing:eu-west-3:491085385866:listener/app/trading-platform-alb/80e105a74977e8b3/89ce3e95883be7a7",
            "certificate_arn": null,
            "default_action": [
              {
                "authenticate_cognito": [],
                "authenticate_oidc": [],
                "fixed_response": [],
                "forward": [],
                "order": 1,
                "redirect": [],
                "target_group_arn": "arn:aws:elasticloadbalancing:eu-west-3:491085385866:targetgroup/trading-platform-tg/59e713fc3508ba27",
                "type": "forward"
              }
            ],
            "id": "arn:aws:elasticloadbalancing:eu-west-3:491085385866:listener/app/trading-platform-alb/80e105a74977e8b3/89ce3e95883be7a7",
            "load_balancer_arn": "arn:aws:elasticloadbalancing:eu-west-3:491085385866:loadbalancer/app/trading-platform-alb/80e105a74977e8b3",
            "mutual_authentication": [],
            "port": 80,
            "protocol": "HTTP",
            "routing_http_request_x_amzn_mtls_clientcert_header_name": null,
            "routing_http_request_x_amzn_mtls_clientcert_issuer_header_name": null,
            "routing_http_request_x_amzn_mtls_clientcert_leaf_header_name": null,
            "routing_http_request_x_amzn_mtls_clientcert_serial_number_header_name": null,
            "routing_http_request_x_amzn_mtls_clientcert_subject_header_name": null,
            "routing_http_request_x_amzn_mtls_clientcert_validity_header_name": null,
            "routing_http_request_x_amzn_tls_cipher_suite_header_name": null,
            "routing_http_request_x_amzn_tls_version_header_name": null,
            "routing_http_response_access_control_allow_credentials_header_value": "",
            "routing_http_response_access_control_allow_headers_header_value": "",
            "routing_http_response_access_control_allow_methods_header_value": "",
            "routing_http_response_access_control_allow_origin_header_value": "",
            "routing_http_response_access_control_expose_headers_header_value": "",
            "routing_http_response_access_control_max_age_header_value": "",
            "routing_http_response_content_security_policy_header_value": "",
            "routing_http_response_server_enabled": true,
            "routing_http_response_strict_transport_security_header_value": "",
            "routing_http_response_x_content_type_options_header_value": "",
            "routing_http_response_x_frame_options_header_value": "",
            "ssl_policy": "",
            "tags": {},
            "tags_all": {},
            "tcp_idle_timeout_seconds": null,
            "timeouts": null
          },
          "sensitive_attributes": [],
          "private": "eyJlMmJmYjczMC1lY2FhLTExZTYtOGY4OC0zNDM2M2JjN2M0YzAiOnsiY3JlYXRlIjozMDAwMDAwMDAwMDAsInVwZGF0ZSI6MzAwMDAwMDAwMDAwfX0=",
          "dependencies": [
            "aws_lb.alb",
            "aws_lb_target_group.tg",
            "aws_security_group.alb_sg",
            "aws_subnet.public",
            "aws_vpc.main",
            "data.aws_availability_zones.azs"
          ]
        }
      ]
    },
    {
      "mode": "managed",
      "type": "aws_lb_target_group",
      "name": "tg",
      "provider": "provider[\"registry.terraform.io/hashicorp/aws\"]",
      "instances": [
        {
          "schema_version": 0,
          "attributes": {
            "arn": "arn:aws:elasticloadbalancing:eu-west-3:491085385866:targetgroup/trading-platform-tg/59e713fc3508ba27",
            "arn_suffix": "targetgroup/trading-platform-tg/59e713fc3508ba27",
            "connection_termination": null,
            "deregistration_delay": "300",
            "health_check": [
              {
                "enabled": true,
                "healthy_threshold": 2,
                "interval": 30,
                "matcher": "200-399",
                "path": "/api/health",
                "port": "traffic-port",
                "protocol": "HTTP",
                "timeout": 5,
                "unhealthy_threshold": 3
              }
            ],
            "id": "arn:aws:elasticloadbalancing:eu-west-3:491085385866:targetgroup/trading-platform-tg/59e713fc3508ba27",
            "ip_address_type": "ipv4",
            "lambda_multi_value_headers_enabled": false,
            "load_balancer_arns": [
              "arn:aws:elasticloadbalancing:eu-west-3:491085385866:loadbalancer/app/trading-platform-alb/80e105a74977e8b3"
            ],
            "load_balancing_algorithm_type": "round_robin",
            "load_balancing_anomaly_mitigation": "off",
            "load_balancing_cross_zone_enabled": "use_load_balancer_configuration",
            "name": "trading-platform-tg",
            "name_prefix": "",
            "port": 8000,
            "preserve_client_ip": null,
            "protocol": "HTTP",
            "protocol_version": "HTTP1",
            "proxy_protocol_v2": false,
            "slow_start": 0,
            "stickiness": [
              {
                "cookie_duration": 86400,
                "cookie_name": "",
                "enabled": false,
                "type": "lb_cookie"
              }
            ],
            "tags": {
              "Name": "trading-platform-tg"
            },
            "tags_all": {
              "Name": "trading-platform-tg"
            },
            "target_failover": [
              {
                "on_deregistration": null,
                "on_unhealthy": null
              }
            ],
            "target_group_health": [
              {
                "dns_failover": [
                  {
                    "minimum_healthy_targets_count": "1",
                    "minimum_healthy_targets_percentage": "off"
                  }
                ],
                "unhealthy_state_routing": [
                  {
                    "minimum_healthy_targets_count": 1,
                    "minimum_healthy_targets_percentage": "off"
                  }
                ]
              }
            ],
            "target_health_state": [
              {
                "enable_unhealthy_connection_termination": null,
                "unhealthy_draining_interval": null
              }
            ],
            "target_type": "ip",
            "vpc_id": "vpc-077a9d87e90b699fd"
          },
          "sensitive_attributes": [],
          "private": "bnVsbA==",
          "dependencies": [
            "aws_vpc.main"
          ]
        }
      ]
    },
    {
      "mode": "managed",
      "type": "aws_route_table",
      "name": "public_rt",
      "provider": "provider[\"registry.terraform.io/hashicorp/aws\"]",
      "instances": [
        {
          "schema_version": 0,
          "attributes": {
            "arn": "arn:aws:ec2:eu-west-3:491085385866:route-table/rtb-0bf7d8c574a065559",
            "id": "rtb-0bf7d8c574a065559",
            "owner_id": "491085385866",
            "propagating_vgws": [],
            "route": [
              {
                "carrier_gateway_id": "",
                "cidr_block": "0.0.0.0/0",
                "core_network_arn": "",
                "destination_prefix_list_id": "",
                "egress_only_gateway_id": "",
                "gateway_id": "igw-0b24540311a85e05d",
                "ipv6_cidr_block": "",
                "local_gateway_id": "",
                "nat_gateway_id": "",
                "network_interface_id": "",
                "transit_gateway_id": "",
                "vpc_endpoint_id": "",
                "vpc_peering_connection_id": ""
              }
            ],
            "tags": {
              "Name": "trading-platform-public-rt"
            },
            "tags_all": {
              "Name": "trading-platform-public-rt"
            },
            "timeouts": null,
            "vpc_id": "vpc-077a9d87e90b699fd"
          },
          "sensitive_attributes": [],
          "private": "eyJlMmJmYjczMC1lY2FhLTExZTYtOGY4OC0zNDM2M2JjN2M0YzAiOnsiY3JlYXRlIjozMDAwMDAwMDAwMDAsImRlbGV0ZSI6MzAwMDAwMDAwMDAwLCJ1cGRhdGUiOjEyMDAwMDAwMDAwMH19",
          "dependencies": [
            "aws_internet_gateway.igw",
            "aws_vpc.main"
          ]
        }
      ]
    },
    {
      "mode": "managed",
      "type": "aws_route_table_association",
      "name": "public_assoc",
      "provider": "provider[\"registry.terraform.io/hashicorp/aws\"]",
      "instances": [
        {
          "index_key": 0,
          "schema_version": 0,
          "attributes": {
            "gateway_id": "",
            "id": "rtbassoc-0c6a86ec583ccf03e",
            "route_table_id": "rtb-0bf7d8c574a065559",
            "subnet_id": "subnet-07a3f747ab38e6729",
            "timeouts": null
          },
          "sensitive_attributes": [],
          "private": "eyJlMmJmYjczMC1lY2FhLTExZTYtOGY4OC0zNDM2M2JjN2M0YzAiOnsiY3JlYXRlIjozMDAwMDAwMDAwMDAsImRlbGV0ZSI6MzAwMDAwMDAwMDAwLCJ1cGRhdGUiOjEyMDAwMDAwMDAwMH19",
          "dependencies": [
            "aws_internet_gateway.igw",
            "aws_route_table.public_rt",
            "aws_subnet.public",
            "aws_vpc.main",
            "data.aws_availability_zones.azs"
          ]
        },
        {
          "index_key": 1,
          "schema_version": 0,
          "attributes": {
            "gateway_id": "",
            "id": "rtbassoc-08edf529a154e334b",
            "route_table_id": "rtb-0bf7d8c574a065559",
            "subnet_id": "subnet-0558345ca2deb397b",
            "timeouts": null
          },
          "sensitive_attributes": [],
          "private": "eyJlMmJmYjczMC1lY2FhLTExZTYtOGY4OC0zNDM2M2JjN2M0YzAiOnsiY3JlYXRlIjozMDAwMDAwMDAwMDAsImRlbGV0ZSI6MzAwMDAwMDAwMDAwLCJ1cGRhdGUiOjEyMDAwMDAwMDAwMH19",
          "dependencies": [
            "aws_internet_gateway.igw",
            "aws_route_table.public_rt",
            "aws_subnet.public",
            "aws_vpc.main",
            "data.aws_availability_zones.azs"
          ]
        }
      ]
    },
    {
      "mode": "managed",
      "type": "aws_s3_bucket",
      "name": "frontend_bucket",
      "provider": "provider[\"registry.terraform.io/hashicorp/aws\"]",
      "instances": [
        {
          "schema_version": 0,
          "attributes": {
            "acceleration_status": "",
            "acl": "private",
            "arn": "arn:aws:s3:::trading-platform-frontend-491085385866",
            "bucket": "trading-platform-frontend-491085385866",
            "bucket_domain_name": "trading-platform-frontend-491085385866.s3.amazonaws.com",
            "bucket_prefix": "",
            "bucket_regional_domain_name": "trading-platform-frontend-491085385866.s3.eu-west-3.amazonaws.com",
            "cors_rule": [],
            "force_destroy": true,
            "grant": [
              {
                "id": "c2ad5f015359105ffddcbcbe5caad149b94248f65375851962a79158240c250b",
                "permissions": [
                  "FULL_CONTROL"
                ],
                "type": "CanonicalUser",
                "uri": ""
              }
            ],
            "hosted_zone_id": "Z3R1K369G5AVDG",
            "id": "trading-platform-frontend-491085385866",
            "lifecycle_rule": [],
            "logging": [],
            "object_lock_configuration": [],
            "object_lock_enabled": false,
            "policy": "{\"Statement\":[{\"Action\":\"s3:GetObject\",\"Effect\":\"Allow\",\"Principal\":{\"AWS\":\"arn:aws:iam::cloudfront:user/CloudFront Origin Access Identity E3DE32QWHXNYG2\"},\"Resource\":\"arn:aws:s3:::trading-platform-frontend-491085385866/*\",\"Sid\":\"AllowCloudFrontServicePrincipalReadOnly\"}],\"Version\":\"2012-10-17\"}",
            "region": "eu-west-3",
            "replication_configuration": [],
            "request_payer": "BucketOwner",
            "server_side_encryption_configuration": [
              {
                "rule": [
                  {
                    "apply_server_side_encryption_by_default": [
                      {
                        "kms_master_key_id": "",
                        "sse_algorithm": "AES256"
                      }
                    ],
                    "bucket_key_enabled": false
                  }
                ]
              }
            ],
            "tags": {
              "Name": "trading-platform-frontend-bucket"
            },
            "tags_all": {
              "Name": "trading-platform-frontend-bucket"
            },
            "timeouts": null,
            "versioning": [
              {
                "enabled": true,
                "mfa_delete": false
              }
            ],
            "website": [],
            "website_domain": null,
            "website_endpoint": null
          },
          "sensitive_attributes": [],
          "private": "eyJlMmJmYjczMC1lY2FhLTExZTYtOGY4OC0zNDM2M2JjN2M0YzAiOnsiY3JlYXRlIjoxMjAwMDAwMDAwMDAwLCJkZWxldGUiOjM2MDAwMDAwMDAwMDAsInJlYWQiOjEyMDAwMDAwMDAwMDAsInVwZGF0ZSI6MTIwMDAwMDAwMDAwMH19",
          "dependencies": [
            "data.aws_caller_identity.current"
          ]
        }
      ]
    },
    {
      "mode": "managed",
      "type": "aws_s3_bucket",
      "name": "monte_carlo_artifacts",
      "provider": "provider[\"registry.terraform.io/hashicorp/aws\"]",
      "instances": [
        {
          "schema_version": 0,
          "attributes": {
            "acceleration_status": "",
            "acl": null,
            "arn": "arn:aws:s3:::trading-platform-monte-carlo-artifacts-mek4tzqx",
            "bucket": "trading-platform-monte-carlo-artifacts-mek4tzqx",
            "bucket_domain_name": "trading-platform-monte-carlo-artifacts-mek4tzqx.s3.amazonaws.com",
            "bucket_prefix": "",
            "bucket_regional_domain_name": "trading-platform-monte-carlo-artifacts-mek4tzqx.s3.eu-west-3.amazonaws.com",
            "cors_rule": [],
            "force_destroy": false,
            "grant": [
              {
                "id": "c2ad5f015359105ffddcbcbe5caad149b94248f65375851962a79158240c250b",
                "permissions": [
                  "FULL_CONTROL"
                ],
                "type": "CanonicalUser",
                "uri": ""
              }
            ],
            "hosted_zone_id": "Z3R1K369G5AVDG",
            "id": "trading-platform-monte-carlo-artifacts-mek4tzqx",
            "lifecycle_rule": [
              {
                "abort_incomplete_multipart_upload_days": 0,
                "enabled": true,
                "expiration": [
                  {
                    "date": "",
                    "days": 90,
                    "expired_object_delete_marker": false
                  }
                ],
                "id": "cleanup_old_artifacts",
                "noncurrent_version_expiration": [
                  {
                    "days": 30
                  }
                ],
                "noncurrent_version_transition": [],
                "prefix": "",
                "tags": {},
                "transition": []
              }
            ],
            "logging": [],
            "object_lock_configuration": [],
            "object_lock_enabled": false,
            "policy": "",
            "region": "eu-west-3",
            "replication_configuration": [],
            "request_payer": "BucketOwner",
            "server_side_encryption_configuration": [
              {
                "rule": [
                  {
                    "apply_server_side_encryption_by_default": [
                      {
                        "kms_master_key_id": "",
                        "sse_algorithm": "AES256"
                      }
                    ],
                    "bucket_key_enabled": false
                  }
                ]
              }
            ],
            "tags": {
              "Environment": "staging",
              "Name": "trading-platform-monte-carlo-artifacts"
            },
            "tags_all": {
              "Environment": "staging",
              "Name": "trading-platform-monte-carlo-artifacts"
            },
            "timeouts": null,
            "versioning": [
              {
                "enabled": true,
                "mfa_delete": false
              }
            ],
            "website": [],
            "website_domain": null,
            "website_endpoint": null
          },
          "sensitive_attributes": [],
          "private": "eyJlMmJmYjczMC1lY2FhLTExZTYtOGY4OC0zNDM2M2JjN2M0YzAiOnsiY3JlYXRlIjoxMjAwMDAwMDAwMDAwLCJkZWxldGUiOjM2MDAwMDAwMDAwMDAsInJlYWQiOjEyMDAwMDAwMDAwMDAsInVwZGF0ZSI6MTIwMDAwMDAwMDAwMH19",
          "dependencies": [
            "random_string.bucket_suffix"
          ]
        }
      ]
    },
    {
      "mode": "managed",
      "type": "aws_s3_bucket_acl",
      "name": "frontend_bucket",
      "provider": "provider[\"registry.terraform.io/hashicorp/aws\"]",
      "instances": [
        {
          "schema_version": 0,
          "attributes": {
            "access_control_policy": [
              {
                "grant": [
                  {
                    "grantee": [
                      {
                        "display_name": "",
                        "email_address": "",
                        "id": "c2ad5f015359105ffddcbcbe5caad149b94248f65375851962a79158240c250b",
                        "type": "CanonicalUser",
                        "uri": ""
                      }
                    ],
                    "permission": "FULL_CONTROL"
                  }
                ],
                "owner": [
                  {
                    "display_name": "",
                    "id": "c2ad5f015359105ffddcbcbe5caad149b94248f65375851962a79158240c250b"
                  }
                ]
              }
            ],
            "acl": "private",
            "bucket": "trading-platform-frontend-491085385866",
            "expected_bucket_owner": "",
            "id": "trading-platform-frontend-491085385866,private"
          },
          "sensitive_attributes": [],
          "private": "bnVsbA==",
          "dependencies": [
            "aws_s3_bucket.frontend_bucket",
            "aws_s3_bucket_ownership_controls.frontend_bucket",
            "aws_s3_bucket_public_access_block.frontend_bucket",
            "data.aws_caller_identity.current"
          ]
        }
      ]
    },
    {
      "mode": "managed",
      "type": "aws_s3_bucket_lifecycle_configuration",
      "name": "monte_carlo_artifacts",
      "provider": "provider[\"registry.terraform.io/hashicorp/aws\"]",
      "instances": [
        {
          "schema_version": 1,
          "attributes": {
            "bucket": "trading-platform-monte-carlo-artifacts-mek4tzqx",
            "expected_bucket_owner": "",
            "id": "trading-platform-monte-carlo-artifacts-mek4tzqx",
            "rule": [
              {
                "abort_incomplete_multipart_upload": [],
                "expiration": [
                  {
                    "date": null,
                    "days": 90,
                    "expired_object_delete_marker": false
                  }
                ],
                "filter": [
                  {
                    "and": [],
                    "object_size_greater_than": null,
                    "object_size_less_than": null,
                    "prefix": "",
                    "tag": []
                  }
                ],
                "id": "cleanup_old_artifacts",
                "noncurrent_version_expiration": [
                  {
                    "newer_noncurrent_versions": null,
                    "noncurrent_days": 30
                  }
                ],
                "noncurrent_version_transition": [],
                "prefix": "",
                "status": "Enabled",
                "transition": []
              }
            ],
            "timeouts": null,
            "transition_default_minimum_object_size": "all_storage_classes_128K"
          },
          "sensitive_attributes": [],
          "dependencies": [
            "aws_s3_bucket.monte_carlo_artifacts",
            "random_string.bucket_suffix"
          ]
        }
      ]
    },
    {
      "mode": "managed",
      "type": "aws_s3_bucket_ownership_controls",
      "name": "frontend_bucket",
      "provider": "provider[\"registry.terraform.io/hashicorp/aws\"]",
      "instances": [
        {
          "schema_version": 0,
          "attributes": {
            "bucket": "trading-platform-frontend-491085385866",
            "id": "trading-platform-frontend-491085385866",
            "rule": [
              {
                "object_ownership": "BucketOwnerPreferred"
              }
            ]
          },
          "sensitive_attributes": [],
          "private": "bnVsbA==",
          "dependencies": [
            "aws_s3_bucket.frontend_bucket",
            "data.aws_caller_identity.current"
          ]
        }
      ]
    },
    {
      "mode": "managed",
      "type": "aws_s3_bucket_policy",
      "name": "frontend_policy",
      "provider": "provider[\"registry.terraform.io/hashicorp/aws\"]",
      "instances": [
        {
          "schema_version": 0,
          "attributes": {
            "bucket": "trading-platform-frontend-491085385866",
            "id": "trading-platform-frontend-491085385866",
            "policy": "{\"Statement\":[{\"Action\":\"s3:GetObject\",\"Effect\":\"Allow\",\"Principal\":{\"AWS\":\"arn:aws:iam::cloudfront:user/CloudFront Origin Access Identity E3DE32QWHXNYG2\"},\"Resource\":\"arn:aws:s3:::trading-platform-frontend-491085385866/*\",\"Sid\":\"AllowCloudFrontServicePrincipalReadOnly\"}],\"Version\":\"2012-10-17\"}"
          },
          "sensitive_attributes": [],
          "private": "bnVsbA==",
          "dependencies": [
            "aws_cloudfront_origin_access_identity.oai",
            "aws_s3_bucket.frontend_bucket"
          ]
        }
      ]
    },
    {
      "mode": "managed",
      "type": "aws_s3_bucket_public_access_block",
      "name": "frontend_bucket",
      "provider": "provider[\"registry.terraform.io/hashicorp/aws\"]",
      "instances": [
        {
          "schema_version": 0,
          "attributes": {
            "block_public_acls": true,
            "block_public_policy": true,
            "bucket": "trading-platform-frontend-491085385866",
            "id": "trading-platform-frontend-491085385866",
            "ignore_public_acls": true,
            "restrict_public_buckets": true
          },
          "sensitive_attributes": [],
          "private": "bnVsbA==",
          "dependencies": [
            "aws_s3_bucket.frontend_bucket",
            "data.aws_caller_identity.current"
          ]
        }
      ]
    },
    {
      "mode": "managed",
      "type": "aws_s3_bucket_server_side_encryption_configuration",
      "name": "frontend_bucket",
      "provider": "provider[\"registry.terraform.io/hashicorp/aws\"]",
      "instances": [
        {
          "schema_version": 0,
          "attributes": {
            "bucket": "trading-platform-frontend-491085385866",
            "expected_bucket_owner": "",
            "id": "trading-platform-frontend-491085385866",
            "rule": [
              {
                "apply_server_side_encryption_by_default": [
                  {
                    "kms_master_key_id": "",
                    "sse_algorithm": "AES256"
                  }
                ],
                "bucket_key_enabled": false
              }
            ]
          },
          "sensitive_attributes": [],
          "private": "bnVsbA==",
          "dependencies": [
            "aws_s3_bucket.frontend_bucket",
            "data.aws_caller_identity.current"
          ]
        }
      ]
    },
    {
      "mode": "managed",
      "type": "aws_s3_bucket_server_side_encryption_configuration",
      "name": "monte_carlo_artifacts",
      "provider": "provider[\"registry.terraform.io/hashicorp/aws\"]",
      "instances": [
        {
          "schema_version": 0,
          "attributes": {
            "bucket": "trading-platform-monte-carlo-artifacts-mek4tzqx",
            "expected_bucket_owner": "",
            "id": "trading-platform-monte-carlo-artifacts-mek4tzqx",
            "rule": [
              {
                "apply_server_side_encryption_by_default": [
                  {
                    "kms_master_key_id": "",
                    "sse_algorithm": "AES256"
                  }
                ],
                "bucket_key_enabled": false
              }
            ]
          },
          "sensitive_attributes": [],
          "private": "bnVsbA==",
          "dependencies": [
            "aws_s3_bucket.monte_carlo_artifacts",
            "random_string.bucket_suffix"
          ]
        }
      ]
    },
    {
      "mode": "managed",
      "type": "aws_s3_bucket_versioning",
      "name": "frontend_bucket",
      "provider": "provider[\"registry.terraform.io/hashicorp/aws\"]",
      "instances": [
        {
          "schema_version": 0,
          "attributes": {
            "bucket": "trading-platform-frontend-491085385866",
            "expected_bucket_owner": "",
            "id": "trading-platform-frontend-491085385866",
            "mfa": null,
            "versioning_configuration": [
              {
                "mfa_delete": "",
                "status": "Enabled"
              }
            ]
          },
          "sensitive_attributes": [],
          "private": "bnVsbA==",
          "dependencies": [
            "aws_s3_bucket.frontend_bucket",
            "data.aws_caller_identity.current"
          ]
        }
      ]
    },
    {
      "mode": "managed",
      "type": "aws_s3_bucket_versioning",
      "name": "monte_carlo_artifacts",
      "provider": "provider[\"registry.terraform.io/hashicorp/aws\"]",
      "instances": [
        {
          "schema_version": 0,
          "attributes": {
            "bucket": "trading-platform-monte-carlo-artifacts-mek4tzqx",
            "expected_bucket_owner": "",
            "id": "trading-platform-monte-carlo-artifacts-mek4tzqx",
            "mfa": null,
            "versioning_configuration": [
              {
                "mfa_delete": "",
                "status": "Enabled"
              }
            ]
          },
          "sensitive_attributes": [],
          "private": "bnVsbA==",
          "dependencies": [
            "aws_s3_bucket.monte_carlo_artifacts",
            "random_string.bucket_suffix"
          ]
        }
      ]
    },
    {
      "mode": "managed",
      "type": "aws_security_group",
      "name": "alb_sg",
      "provider": "provider[\"registry.terraform.io/hashicorp/aws\"]",
      "instances": [
        {
          "schema_version": 1,
          "attributes": {
            "arn": "arn:aws:ec2:eu-west-3:491085385866:security-group/sg-06a2bde34840a945b",
            "description": "Security group for Application Load Balancer",
            "egress": [
              {
                "cidr_blocks": [
                  "0.0.0.0/0"
                ],
                "description": "",
                "from_port": 0,
                "ipv6_cidr_blocks": [],
                "prefix_list_ids": [],
                "protocol": "-1",
                "security_groups": [],
                "self": false,
                "to_port": 0
              }
            ],
            "id": "sg-06a2bde34840a945b",
            "ingress": [
              {
                "cidr_blocks": [
                  "0.0.0.0/0"
                ],
                "description": "",
                "from_port": 80,
                "ipv6_cidr_blocks": [],
                "prefix_list_ids": [],
                "protocol": "tcp",
                "security_groups": [],
                "self": false,
                "to_port": 80
              }
            ],
            "name": "alb-sg",
            "name_prefix": "",
            "owner_id": "491085385866",
            "revoke_rules_on_delete": false,
            "tags": {
              "Name": "trading-platform-alb-sg"
            },
            "tags_all": {
              "Name": "trading-platform-alb-sg"
            },
            "timeouts": null,
            "vpc_id": "vpc-077a9d87e90b699fd"
          },
          "sensitive_attributes": [],
          "private": "eyJlMmJmYjczMC1lY2FhLTExZTYtOGY4OC0zNDM2M2JjN2M0YzAiOnsiY3JlYXRlIjo2MDAwMDAwMDAwMDAsImRlbGV0ZSI6OTAwMDAwMDAwMDAwfSwic2NoZW1hX3ZlcnNpb24iOiIxIn0=",
          "dependencies": [
            "aws_vpc.main"
          ]
        }
      ]
    },
    {
      "mode": "managed",
      "type": "aws_security_group",
      "name": "ecs_sg",
      "provider": "provider[\"registry.terraform.io/hashicorp/aws\"]",
      "instances": [
        {
          "schema_version": 1,
          "attributes": {
            "arn": "arn:aws:ec2:eu-west-3:491085385866:security-group/sg-0109b380d6a4a8d74",
            "description": "ECS tasks SG - allow traffic from ALB on app port",
            "egress": [
              {
                "cidr_blocks": [
                  "0.0.0.0/0"
                ],
                "description": "",
                "from_port": 0,
                "ipv6_cidr_blocks": [],
                "prefix_list_ids": [],
                "protocol": "-1",
                "security_groups": [],
                "self": false,
                "to_port": 0
              }
            ],
            "id": "sg-0109b380d6a4a8d74",
            "ingress": [
              {
                "cidr_blocks": [],
                "description": "Allow ALB to ECS",
                "from_port": 8000,
                "ipv6_cidr_blocks": [],
                "prefix_list_ids": [],
                "protocol": "tcp",
                "security_groups": [
                  "sg-06a2bde34840a945b"
                ],
                "self": false,
                "to_port": 8000
              }
            ],
            "name": "trading-platform-ecs-sg",
            "name_prefix": "",
            "owner_id": "491085385866",
            "revoke_rules_on_delete": false,
            "tags": {
              "Name": "trading-platform-ecs-sg"
            },
            "tags_all": {
              "Name": "trading-platform-ecs-sg"
            },
            "timeouts": null,
            "vpc_id": "vpc-077a9d87e90b699fd"
          },
          "sensitive_attributes": [],
          "private": "eyJlMmJmYjczMC1lY2FhLTExZTYtOGY4OC0zNDM2M2JjN2M0YzAiOnsiY3JlYXRlIjo2MDAwMDAwMDAwMDAsImRlbGV0ZSI6OTAwMDAwMDAwMDAwfSwic2NoZW1hX3ZlcnNpb24iOiIxIn0=",
          "dependencies": [
            "aws_security_group.alb_sg",
            "aws_vpc.main"
          ]
        }
      ]
    },
    {
      "mode": "managed",
      "type": "aws_security_group",
      "name": "efs_sg",
      "provider": "provider[\"registry.terraform.io/hashicorp/aws\"]",
      "instances": [
        {
          "schema_version": 1,
          "attributes": {
            "arn": "arn:aws:ec2:eu-west-3:491085385866:security-group/sg-097e2e5b320e0e76b",
            "description": "EFS SG - allow NFS from ECS tasks",
            "egress": [
              {
                "cidr_blocks": [
                  "0.0.0.0/0"
                ],
                "description": "",
                "from_port": 0,
                "ipv6_cidr_blocks": [],
                "prefix_list_ids": [],
                "protocol": "-1",
                "security_groups": [],
                "self": false,
                "to_port": 0
              }
            ],
            "id": "sg-097e2e5b320e0e76b",
            "ingress": [
              {
                "cidr_blocks": [],
                "description": "Allow ECS to EFS",
                "from_port": 2049,
                "ipv6_cidr_blocks": [],
                "prefix_list_ids": [],
                "protocol": "tcp",
                "security_groups": [
                  "sg-0109b380d6a4a8d74"
                ],
                "self": false,
                "to_port": 2049
              }
            ],
            "name": "trading-platform-efs-sg",
            "name_prefix": "",
            "owner_id": "491085385866",
            "revoke_rules_on_delete": false,
            "tags": {
              "Name": "trading-platform-efs-sg"
            },
            "tags_all": {
              "Name": "trading-platform-efs-sg"
            },
            "timeouts": null,
            "vpc_id": "vpc-077a9d87e90b699fd"
          },
          "sensitive_attributes": [],
          "private": "eyJlMmJmYjczMC1lY2FhLTExZTYtOGY4OC0zNDM2M2JjN2M0YzAiOnsiY3JlYXRlIjo2MDAwMDAwMDAwMDAsImRlbGV0ZSI6OTAwMDAwMDAwMDAwfSwic2NoZW1hX3ZlcnNpb24iOiIxIn0=",
          "dependencies": [
            "aws_security_group.alb_sg",
            "aws_security_group.ecs_sg",
            "aws_vpc.main"
          ]
        }
      ]
    },
    {
      "mode": "managed",
      "type": "aws_sqs_queue",
      "name": "monte_carlo_dlq",
      "provider": "provider[\"registry.terraform.io/hashicorp/aws\"]",
      "instances": [
        {
          "schema_version": 0,
          "attributes": {
            "arn": "arn:aws:sqs:eu-west-3:491085385866:trading-platform-monte-carlo-jobs-dlq",
            "content_based_deduplication": false,
            "deduplication_scope": "",
            "delay_seconds": 0,
            "fifo_queue": false,
            "fifo_throughput_limit": "",
            "id": "https://sqs.eu-west-3.amazonaws.com/491085385866/trading-platform-monte-carlo-jobs-dlq",
            "kms_data_key_reuse_period_seconds": 300,
            "kms_master_key_id": "",
            "max_message_size": 262144,
            "message_retention_seconds": 1209600,
            "name": "trading-platform-monte-carlo-jobs-dlq",
            "name_prefix": "",
            "policy": "",
            "receive_wait_time_seconds": 0,
            "redrive_allow_policy": "",
            "redrive_policy": "",
            "sqs_managed_sse_enabled": true,
            "tags": {
              "Environment": "staging",
              "Name": "trading-platform-monte-carlo-dlq"
            },
            "tags_all": {
              "Environment": "staging",
              "Name": "trading-platform-monte-carlo-dlq"
            },
            "timeouts": null,
            "url": "https://sqs.eu-west-3.amazonaws.com/491085385866/trading-platform-monte-carlo-jobs-dlq",
            "visibility_timeout_seconds": 30
          },
          "sensitive_attributes": [],
          "private": "eyJlMmJmYjczMC1lY2FhLTExZTYtOGY4OC0zNDM2M2JjN2M0YzAiOnsiY3JlYXRlIjoxODAwMDAwMDAwMDAsImRlbGV0ZSI6MTgwMDAwMDAwMDAwLCJ1cGRhdGUiOjE4MDAwMDAwMDAwMH19"
        }
      ]
    },
    {
      "mode": "managed",
      "type": "aws_sqs_queue",
      "name": "monte_carlo_jobs",
      "provider": "provider[\"registry.terraform.io/hashicorp/aws\"]",
      "instances": [
        {
          "schema_version": 0,
          "attributes": {
            "arn": "arn:aws:sqs:eu-west-3:491085385866:trading-platform-monte-carlo-jobs",
            "content_based_deduplication": false,
            "deduplication_scope": "",
            "delay_seconds": 0,
            "fifo_queue": false,
            "fifo_throughput_limit": "",
            "id": "https://sqs.eu-west-3.amazonaws.com/491085385866/trading-platform-monte-carlo-jobs",
            "kms_data_key_reuse_period_seconds": 300,
            "kms_master_key_id": "",
            "max_message_size": 262144,
            "message_retention_seconds": 1209600,
            "name": "trading-platform-monte-carlo-jobs",
            "name_prefix": "",
            "policy": "",
            "receive_wait_time_seconds": 20,
            "redrive_allow_policy": "",
            "redrive_policy": "{\"deadLetterTargetArn\":\"arn:aws:sqs:eu-west-3:491085385866:trading-platform-monte-carlo-jobs-dlq\",\"maxReceiveCount\":3}",
            "sqs_managed_sse_enabled": true,
            "tags": {
              "Environment": "staging",
              "Name": "trading-platform-monte-carlo-queue"
            },
            "tags_all": {
              "Environment": "staging",
              "Name": "trading-platform-monte-carlo-queue"
            },
            "timeouts": null,
            "url": "https://sqs.eu-west-3.amazonaws.com/491085385866/trading-platform-monte-carlo-jobs",
            "visibility_timeout_seconds": 300
          },
          "sensitive_attributes": [],
          "private": "eyJlMmJmYjczMC1lY2FhLTExZTYtOGY4OC0zNDM2M2JjN2M0YzAiOnsiY3JlYXRlIjoxODAwMDAwMDAwMDAsImRlbGV0ZSI6MTgwMDAwMDAwMDAwLCJ1cGRhdGUiOjE4MDAwMDAwMDAwMH19",
          "dependencies": [
            "aws_sqs_queue.monte_carlo_dlq"
          ]
        }
      ]
    },
    {
      "mode": "managed",
      "type": "aws_subnet",
      "name": "public",
      "provider": "provider[\"registry.terraform.io/hashicorp/aws\"]",
      "instances": [
        {
          "index_key": 0,
          "schema_version": 1,
          "attributes": {
            "arn": "arn:aws:ec2:eu-west-3:491085385866:subnet/subnet-07a3f747ab38e6729",
            "assign_ipv6_address_on_creation": false,
            "availability_zone": "eu-west-3a",
            "availability_zone_id": "euw3-az1",
            "cidr_block": "10.100.0.0/24",
            "customer_owned_ipv4_pool": "",
            "enable_dns64": false,
            "enable_lni_at_device_index": 0,
            "enable_resource_name_dns_a_record_on_launch": false,
            "enable_resource_name_dns_aaaa_record_on_launch": false,
            "id": "subnet-07a3f747ab38e6729",
            "ipv6_cidr_block": "",
            "ipv6_cidr_block_association_id": "",
            "ipv6_native": false,
            "map_customer_owned_ip_on_launch": false,
            "map_public_ip_on_launch": true,
            "outpost_arn": "",
            "owner_id": "491085385866",
            "private_dns_hostname_type_on_launch": "ip-name",
            "tags": {
              "Name": "trading-platform-public-0"
            },
            "tags_all": {
              "Name": "trading-platform-public-0"
            },
            "timeouts": null,
            "vpc_id": "vpc-077a9d87e90b699fd"
          },
          "sensitive_attributes": [],
          "private": "eyJlMmJmYjczMC1lY2FhLTExZTYtOGY4OC0zNDM2M2JjN2M0YzAiOnsiY3JlYXRlIjo2MDAwMDAwMDAwMDAsImRlbGV0ZSI6MTIwMDAwMDAwMDAwMH0sInNjaGVtYV92ZXJzaW9uIjoiMSJ9",
          "dependencies": [
            "aws_vpc.main",
            "data.aws_availability_zones.azs"
          ]
        },
        {
          "index_key": 1,
          "schema_version": 1,
          "attributes": {
            "arn": "arn:aws:ec2:eu-west-3:491085385866:subnet/subnet-0558345ca2deb397b",
            "assign_ipv6_address_on_creation": false,
            "availability_zone": "eu-west-3b",
            "availability_zone_id": "euw3-az2",
            "cidr_block": "10.100.1.0/24",
            "customer_owned_ipv4_pool": "",
            "enable_dns64": false,
            "enable_lni_at_device_index": 0,
            "enable_resource_name_dns_a_record_on_launch": false,
            "enable_resource_name_dns_aaaa_record_on_launch": false,
            "id": "subnet-0558345ca2deb397b",
            "ipv6_cidr_block": "",
            "ipv6_cidr_block_association_id": "",
            "ipv6_native": false,
            "map_customer_owned_ip_on_launch": false,
            "map_public_ip_on_launch": true,
            "outpost_arn": "",
            "owner_id": "491085385866",
            "private_dns_hostname_type_on_launch": "ip-name",
            "tags": {
              "Name": "trading-platform-public-1"
            },
            "tags_all": {
              "Name": "trading-platform-public-1"
            },
            "timeouts": null,
            "vpc_id": "vpc-077a9d87e90b699fd"
          },
          "sensitive_attributes": [],
          "private": "eyJlMmJmYjczMC1lY2FhLTExZTYtOGY4OC0zNDM2M2JjN2M0YzAiOnsiY3JlYXRlIjo2MDAwMDAwMDAwMDAsImRlbGV0ZSI6MTIwMDAwMDAwMDAwMH0sInNjaGVtYV92ZXJzaW9uIjoiMSJ9",
          "dependencies": [
            "aws_vpc.main",
            "data.aws_availability_zones.azs"
          ]
        }
      ]
    },
    {
      "mode": "managed",
      "type": "aws_vpc",
      "name": "main",
      "provider": "provider[\"registry.terraform.io/hashicorp/aws\"]",
      "instances": [
        {
          "schema_version": 1,
          "attributes": {
            "arn": "arn:aws:ec2:eu-west-3:491085385866:vpc/vpc-077a9d87e90b699fd",
            "assign_generated_ipv6_cidr_block": false,
            "cidr_block": "10.100.0.0/16",
            "default_network_acl_id": "acl-0ef5d5fd64ae36692",
            "default_route_table_id": "rtb-0b17989780e085c96",
            "default_security_group_id": "sg-0677176725e3e7a0d",
            "dhcp_options_id": "dopt-032cefe438a8b155f",
            "enable_dns_hostnames": true,
            "enable_dns_support": true,
            "enable_network_address_usage_metrics": false,
            "id": "vpc-077a9d87e90b699fd",
            "instance_tenancy": "default",
            "ipv4_ipam_pool_id": null,
            "ipv4_netmask_length": null,
            "ipv6_association_id": "",
            "ipv6_cidr_block": "",
            "ipv6_cidr_block_network_border_group": "",
            "ipv6_ipam_pool_id": "",
            "ipv6_netmask_length": 0,
            "main_route_table_id": "rtb-0b17989780e085c96",
            "owner_id": "491085385866",
            "tags": {
              "Name": "trading-platform-vpc-staging"
            },
            "tags_all": {
              "Name": "trading-platform-vpc-staging"
            }
          },
          "sensitive_attributes": [],
          "private": "eyJzY2hlbWFfdmVyc2lvbiI6IjEifQ=="
        }
      ]
    },
    {
      "mode": "managed",
      "type": "random_string",
      "name": "bucket_suffix",
      "provider": "provider[\"registry.terraform.io/hashicorp/random\"]",
      "instances": [
        {
          "schema_version": 2,
          "attributes": {
            "id": "mek4tzqx",
            "keepers": null,
            "length": 8,
            "lower": true,
            "min_lower": 0,
            "min_numeric": 0,
            "min_special": 0,
            "min_upper": 0,
            "number": true,
            "numeric": true,
            "override_special": null,
            "result": "mek4tzqx",
            "special": false,
            "upper": false
          },
          "sensitive_attributes": []
        }
      ]
    }
  ],
  "check_results": null
}
